// !$*UTF8*$!
{
	archiveVersion = 1;
	classes = {
	};
	objectVersion = 46;
	objects = {

/* Begin PBXBuildFile section */
		090058D01EB374B500973273 /* ZCBasicIntroduceViewController.m in Sources */ = {isa = PBXBuildFile; fileRef = 090058CF1EB374B500973273 /* ZCBasicIntroduceViewController.m */; };
		090058D31EB374F500973273 /* ZCIngredientsCollocationViewController.m in Sources */ = {isa = PBXBuildFile; fileRef = 090058D21EB374F500973273 /* ZCIngredientsCollocationViewController.m */; };
		090058D61EB3759B00973273 /* ZCSceneRecipesViewController.m in Sources */ = {isa = PBXBuildFile; fileRef = 090058D51EB3759B00973273 /* ZCSceneRecipesViewController.m */; };
		090058D91EB375D800973273 /* ZCFoodLiveViewController.m in Sources */ = {isa = PBXBuildFile; fileRef = 090058D81EB375D800973273 /* ZCFoodLiveViewController.m */; };
		090058DC1EB3780500973273 /* ZCScanViewController.m in Sources */ = {isa = PBXBuildFile; fileRef = 090058DB1EB3780500973273 /* ZCScanViewController.m */; };
		090058DF1EB3782900973273 /* ZCRecipesSearchViewController.m in Sources */ = {isa = PBXBuildFile; fileRef = 090058DE1EB3782900973273 /* ZCRecipesSearchViewController.m */; };
		090058E21EB37A5D00973273 /* ZCRecipesSearchCell.m in Sources */ = {isa = PBXBuildFile; fileRef = 090058E11EB37A5D00973273 /* ZCRecipesSearchCell.m */; };
		090058E91EB3939900973273 /* ZCRecipesSearchGroup.m in Sources */ = {isa = PBXBuildFile; fileRef = 090058E81EB3939900973273 /* ZCRecipesSearchGroup.m */; };
		090058EC1EB43A7F00973273 /* ZCSearchView.m in Sources */ = {isa = PBXBuildFile; fileRef = 090058EB1EB43A7F00973273 /* ZCSearchView.m */; };
		090058EE1EB43A8A00973273 /* ZCSearchView.xib in Resources */ = {isa = PBXBuildFile; fileRef = 090058ED1EB43A8A00973273 /* ZCSearchView.xib */; };
		090058F11EB47D2900973273 /* ZCRecipesSearchResultViewController.m in Sources */ = {isa = PBXBuildFile; fileRef = 090058F01EB47D2900973273 /* ZCRecipesSearchResultViewController.m */; };
		090058F41EB47D8000973273 /* ZCRecipesSearchResultCell.m in Sources */ = {isa = PBXBuildFile; fileRef = 090058F31EB47D8000973273 /* ZCRecipesSearchResultCell.m */; };
		090058F61EB47D8B00973273 /* ZCRecipesSearchResultCell.xib in Resources */ = {isa = PBXBuildFile; fileRef = 090058F51EB47D8B00973273 /* ZCRecipesSearchResultCell.xib */; };
		090058F91EB4875100973273 /* ZCRecipesSearchResultModel.m in Sources */ = {isa = PBXBuildFile; fileRef = 090058F81EB4875100973273 /* ZCRecipesSearchResultModel.m */; };
		0902570D1EB17FD000708FEC /* ZCCourseZanModel.m in Sources */ = {isa = PBXBuildFile; fileRef = 0902570C1EB17FD000708FEC /* ZCCourseZanModel.m */; };
		090257101EB1BE5A00708FEC /* ZCCourseCommentModel.m in Sources */ = {isa = PBXBuildFile; fileRef = 0902570F1EB1BE5A00708FEC /* ZCCourseCommentModel.m */; };
		090257141EB1C1A400708FEC /* ZCCourseCommentCell.m in Sources */ = {isa = PBXBuildFile; fileRef = 090257121EB1C1A400708FEC /* ZCCourseCommentCell.m */; };
		090257151EB1C1A400708FEC /* ZCCourseCommentCell.xib in Resources */ = {isa = PBXBuildFile; fileRef = 090257131EB1C1A400708FEC /* ZCCourseCommentCell.xib */; };
		09033DF41EB077DC0039FECA /* ZCCourseRelateModel.m in Sources */ = {isa = PBXBuildFile; fileRef = 09033DF31EB077DC0039FECA /* ZCCourseRelateModel.m */; };
		090579181EADB786002F2083 /* ZCRecommendEmptyCell.m in Sources */ = {isa = PBXBuildFile; fileRef = 090579171EADB786002F2083 /* ZCRecommendEmptyCell.m */; };
		0905791B1EADB7E9002F2083 /* ZCRecommendEmptyModel.m in Sources */ = {isa = PBXBuildFile; fileRef = 0905791A1EADB7E9002F2083 /* ZCRecommendEmptyModel.m */; };
		0905791E1EADBA61002F2083 /* ZCRecommendMasterListCell.m in Sources */ = {isa = PBXBuildFile; fileRef = 0905791D1EADBA61002F2083 /* ZCRecommendMasterListCell.m */; };
		090579211EADBA7D002F2083 /* ZCRecommendMasterListModel.m in Sources */ = {isa = PBXBuildFile; fileRef = 090579201EADBA7D002F2083 /* ZCRecommendMasterListModel.m */; };
		090579241EADBC4C002F2083 /* ZCRecommendMasterListView.m in Sources */ = {isa = PBXBuildFile; fileRef = 090579231EADBC4C002F2083 /* ZCRecommendMasterListView.m */; };
		090579261EADBC59002F2083 /* ZCRecommendMasterListView.xib in Resources */ = {isa = PBXBuildFile; fileRef = 090579251EADBC59002F2083 /* ZCRecommendMasterListView.xib */; };
		090579291EADCD3E002F2083 /* UIImage+General.m in Sources */ = {isa = PBXBuildFile; fileRef = 090579281EADCD3E002F2083 /* UIImage+General.m */; };
		0905792C1EADD452002F2083 /* ZCRecommendHaveHeaderIconImageCell.m in Sources */ = {isa = PBXBuildFile; fileRef = 0905792B1EADD452002F2083 /* ZCRecommendHaveHeaderIconImageCell.m */; };
		0905792F1EADD503002F2083 /* ZCRecommendHaveHeaderIconImageView.m in Sources */ = {isa = PBXBuildFile; fileRef = 0905792E1EADD503002F2083 /* ZCRecommendHaveHeaderIconImageView.m */; };
		090579311EADD50E002F2083 /* ZCRecommendHaveHeaderIconImageView.xib in Resources */ = {isa = PBXBuildFile; fileRef = 090579301EADD50E002F2083 /* ZCRecommendHaveHeaderIconImageView.xib */; };
		090579341EADD7FB002F2083 /* ZCRecommendHaveHeaderIconImageModel.m in Sources */ = {isa = PBXBuildFile; fileRef = 090579331EADD7FB002F2083 /* ZCRecommendHaveHeaderIconImageModel.m */; };
		0905793A1EADE06C002F2083 /* ZCRecommendImageViewTitleCell.m in Sources */ = {isa = PBXBuildFile; fileRef = 090579391EADE06C002F2083 /* ZCRecommendImageViewTitleCell.m */; };
		0905793D1EADE07D002F2083 /* ZCRecommendImageViewTitleModel.m in Sources */ = {isa = PBXBuildFile; fileRef = 0905793C1EADE07D002F2083 /* ZCRecommendImageViewTitleModel.m */; };
		090579401EADF22C002F2083 /* ZCIngredientsDataModel.m in Sources */ = {isa = PBXBuildFile; fileRef = 0905793F1EADF22C002F2083 /* ZCIngredientsDataModel.m */; };
		090579431EADF260002F2083 /* ZCIngredientsCell.m in Sources */ = {isa = PBXBuildFile; fileRef = 090579421EADF260002F2083 /* ZCIngredientsCell.m */; };
		090579461EADF88F002F2083 /* ZCIngredientsButtonModel.m in Sources */ = {isa = PBXBuildFile; fileRef = 090579451EADF88F002F2083 /* ZCIngredientsButtonModel.m */; };
		09065F501EB0AC12005E1CB6 /* NSString+Extension.m in Sources */ = {isa = PBXBuildFile; fileRef = 09065F4F1EB0AC12005E1CB6 /* NSString+Extension.m */; };
		09511F811EAF0EFC002ABD42 /* ZCCourseViewController.m in Sources */ = {isa = PBXBuildFile; fileRef = 09511F801EAF0EFC002ABD42 /* ZCCourseViewController.m */; };
		09511F841EAF1283002ABD42 /* ZCCourseHeaderView.m in Sources */ = {isa = PBXBuildFile; fileRef = 09511F831EAF1283002ABD42 /* ZCCourseHeaderView.m */; };
		09511F871EAF14FE002ABD42 /* ZCNavigationView.m in Sources */ = {isa = PBXBuildFile; fileRef = 09511F861EAF14FE002ABD42 /* ZCNavigationView.m */; };
		09511F8D1EAF17B1002ABD42 /* ZCPlayImageView.m in Sources */ = {isa = PBXBuildFile; fileRef = 09511F8C1EAF17B1002ABD42 /* ZCPlayImageView.m */; };
		09511F8F1EAF18A3002ABD42 /* ZCCourseHeaderView.xib in Resources */ = {isa = PBXBuildFile; fileRef = 09511F8E1EAF18A3002ABD42 /* ZCCourseHeaderView.xib */; };
		09511FD81EAF40DB002ABD42 /* ZCCourseHeaderModel.m in Sources */ = {isa = PBXBuildFile; fileRef = 09511FD71EAF40DB002ABD42 /* ZCCourseHeaderModel.m */; };
		09511FDB1EAF4104002ABD42 /* ZCCourseEpisodeModel.m in Sources */ = {isa = PBXBuildFile; fileRef = 09511FDA1EAF4104002ABD42 /* ZCCourseEpisodeModel.m */; };
		0952BFBB1EA84DD3002DA69E /* main.m in Sources */ = {isa = PBXBuildFile; fileRef = 0952BFBA1EA84DD3002DA69E /* main.m */; };
		0952BFC61EA84DD3002DA69E /* Assets.xcassets in Resources */ = {isa = PBXBuildFile; fileRef = 0952BFC51EA84DD3002DA69E /* Assets.xcassets */; };
		0952BFC91EA84DD3002DA69E /* LaunchScreen.storyboard in Resources */ = {isa = PBXBuildFile; fileRef = 0952BFC71EA84DD3002DA69E /* LaunchScreen.storyboard */; };
		0952BFD41EA84DD3002DA69E /* iZhangChuTests.m in Sources */ = {isa = PBXBuildFile; fileRef = 0952BFD31EA84DD3002DA69E /* iZhangChuTests.m */; };
		0952BFDF1EA84DD3002DA69E /* iZhangChuUITests.m in Sources */ = {isa = PBXBuildFile; fileRef = 0952BFDE1EA84DD3002DA69E /* iZhangChuUITests.m */; };
		0952C0381EA84E41002DA69E /* NSObject+Property.m in Sources */ = {isa = PBXBuildFile; fileRef = 0952BFEF1EA84E41002DA69E /* NSObject+Property.m */; };
		0952C0391EA84E41002DA69E /* UIView+Frame.m in Sources */ = {isa = PBXBuildFile; fileRef = 0952BFF11EA84E41002DA69E /* UIView+Frame.m */; };
		0952C03A1EA84E41002DA69E /* AppDelegate.m in Sources */ = {isa = PBXBuildFile; fileRef = 0952BFF41EA84E41002DA69E /* AppDelegate.m */; };
		0952C03B1EA84E41002DA69E /* ZCConst.m in Sources */ = {isa = PBXBuildFile; fileRef = 0952BFF81EA84E41002DA69E /* ZCConst.m */; };
		0952C0401EA84E41002DA69E /* ZCCommunityHomeViewController.m in Sources */ = {isa = PBXBuildFile; fileRef = 0952C00B1EA84E41002DA69E /* ZCCommunityHomeViewController.m */; };
		0952C0411EA84E41002DA69E /* ZCLohasHomeViewController.m in Sources */ = {isa = PBXBuildFile; fileRef = 0952C0121EA84E41002DA69E /* ZCLohasHomeViewController.m */; };
		0952C0421EA84E41002DA69E /* ZCMineHomeViewController.m in Sources */ = {isa = PBXBuildFile; fileRef = 0952C0181EA84E41002DA69E /* ZCMineHomeViewController.m */; };
		0952C0431EA84E41002DA69E /* ZCCategoryViewController.m in Sources */ = {isa = PBXBuildFile; fileRef = 0952C01E1EA84E41002DA69E /* ZCCategoryViewController.m */; };
		0952C0441EA84E41002DA69E /* ZCIngredientsViewController.m in Sources */ = {isa = PBXBuildFile; fileRef = 0952C0201EA84E41002DA69E /* ZCIngredientsViewController.m */; };
		0952C0451EA84E41002DA69E /* ZCRecipesHomeViewController.m in Sources */ = {isa = PBXBuildFile; fileRef = 0952C0221EA84E41002DA69E /* ZCRecipesHomeViewController.m */; };
		0952C0461EA84E41002DA69E /* ZCRecommendViewController.m in Sources */ = {isa = PBXBuildFile; fileRef = 0952C0241EA84E41002DA69E /* ZCRecommendViewController.m */; };
		0952C0471EA84E41002DA69E /* ZCRecommendBannerModel.m in Sources */ = {isa = PBXBuildFile; fileRef = 0952C0271EA84E41002DA69E /* ZCRecommendBannerModel.m */; };
		0952C0481EA84E41002DA69E /* ZCRecipesNavigationView.m in Sources */ = {isa = PBXBuildFile; fileRef = 0952C02A1EA84E41002DA69E /* ZCRecipesNavigationView.m */; };
		0952C0491EA84E41002DA69E /* ZCRecommendHeaderView.m in Sources */ = {isa = PBXBuildFile; fileRef = 0952C02C1EA84E41002DA69E /* ZCRecommendHeaderView.m */; };
		0952C0681EA86CDC002DA69E /* SPButton.m in Sources */ = {isa = PBXBuildFile; fileRef = 0952C05E1EA86CDC002DA69E /* SPButton.m */; };
		0952C0691EA86CDC002DA69E /* SPCarouselScrollView.m in Sources */ = {isa = PBXBuildFile; fileRef = 0952C0611EA86CDC002DA69E /* SPCarouselScrollView.m */; };
		0952C06A1EA86CDC002DA69E /* SPHTTPSessionManager.m in Sources */ = {isa = PBXBuildFile; fileRef = 0952C0641EA86CDC002DA69E /* SPHTTPSessionManager.m */; };
		0952C06B1EA86CDC002DA69E /* SPPageMenu.m in Sources */ = {isa = PBXBuildFile; fileRef = 0952C0671EA86CDC002DA69E /* SPPageMenu.m */; };
		0952C0781EA86E5A002DA69E /* ZCBasicViewController.m in Sources */ = {isa = PBXBuildFile; fileRef = 0952C06F1EA86E5A002DA69E /* ZCBasicViewController.m */; };
		0952C0791EA86E5A002DA69E /* ZCNavigationController.m in Sources */ = {isa = PBXBuildFile; fileRef = 0952C0711EA86E5A002DA69E /* ZCNavigationController.m */; };
		0952C07A1EA86E5A002DA69E /* ZCTabBarController.m in Sources */ = {isa = PBXBuildFile; fileRef = 0952C0731EA86E5A002DA69E /* ZCTabBarController.m */; };
		0952C07B1EA86E5A002DA69E /* ZCBasicModel.m in Sources */ = {isa = PBXBuildFile; fileRef = 0952C0761EA86E5A002DA69E /* ZCBasicModel.m */; };
		0952C0821EA872AC002DA69E /* ZCRecommendBasicCell.m in Sources */ = {isa = PBXBuildFile; fileRef = 0952C0811EA872AC002DA69E /* ZCRecommendBasicCell.m */; };
		0952C08E1EA8794F002DA69E /* ZCRecommendBasicModel.m in Sources */ = {isa = PBXBuildFile; fileRef = 0952C08D1EA8794F002DA69E /* ZCRecommendBasicModel.m */; };
		095825C41EA9A9660072394A /* ZCRecommendWidgetItem.m in Sources */ = {isa = PBXBuildFile; fileRef = 095825C31EA9A9660072394A /* ZCRecommendWidgetItem.m */; };
		095825CA1EA9C94D0072394A /* ZCRecommendButtonCell.m in Sources */ = {isa = PBXBuildFile; fileRef = 095825C91EA9C94D0072394A /* ZCRecommendButtonCell.m */; };
		095825CD1EA9C9C40072394A /* ZCRecommendButtonModel.m in Sources */ = {isa = PBXBuildFile; fileRef = 095825CC1EA9C9C40072394A /* ZCRecommendButtonModel.m */; };
		095825D31EA9CA2C0072394A /* ZCRecommendCanScrollModel.m in Sources */ = {isa = PBXBuildFile; fileRef = 095825D21EA9CA2C0072394A /* ZCRecommendCanScrollModel.m */; };
		095825D61EA9CA520072394A /* ZCRecommendCanScrollCell.m in Sources */ = {isa = PBXBuildFile; fileRef = 095825D51EA9CA520072394A /* ZCRecommendCanScrollCell.m */; };
		095825D91EA9CAD60072394A /* ZCRecommendVideoModel.m in Sources */ = {isa = PBXBuildFile; fileRef = 095825D81EA9CAD60072394A /* ZCRecommendVideoModel.m */; };
		095825DC1EA9CB890072394A /* ZCRecommendVideoCell.m in Sources */ = {isa = PBXBuildFile; fileRef = 095825DB1EA9CB890072394A /* ZCRecommendVideoCell.m */; };
		095825DF1EA9CBAA0072394A /* ZCRecommendImageVideoCell.m in Sources */ = {isa = PBXBuildFile; fileRef = 095825DE1EA9CBAA0072394A /* ZCRecommendImageVideoCell.m */; };
		095825E21EA9CBBC0072394A /* ZCRecommendImageVideoModel.m in Sources */ = {isa = PBXBuildFile; fileRef = 095825E11EA9CBBC0072394A /* ZCRecommendImageVideoModel.m */; };
		095825EE1EAA13510072394A /* ZCRecommendWidgetItemImageView.m in Sources */ = {isa = PBXBuildFile; fileRef = 095825ED1EAA13510072394A /* ZCRecommendWidgetItemImageView.m */; };
		09F9A0351EB8605F00EDA9F9 /* ZCRecipesAutoSearchTopListCell.m in Sources */ = {isa = PBXBuildFile; fileRef = 09F9A0331EB8605F00EDA9F9 /* ZCRecipesAutoSearchTopListCell.m */; };
		09F9A0361EB8605F00EDA9F9 /* ZCRecipesAutoSearchTopListCell.xib in Resources */ = {isa = PBXBuildFile; fileRef = 09F9A0341EB8605F00EDA9F9 /* ZCRecipesAutoSearchTopListCell.xib */; };
		09F9A0391EB8617300EDA9F9 /* ZCRecipesSearchResultBasicCell.m in Sources */ = {isa = PBXBuildFile; fileRef = 09F9A0381EB8617300EDA9F9 /* ZCRecipesSearchResultBasicCell.m */; };
		09FE4EED1EB73A4900D34F36 /* ZCRecipesAutoSearchCell.m in Sources */ = {isa = PBXBuildFile; fileRef = 09FE4EEC1EB73A4900D34F36 /* ZCRecipesAutoSearchCell.m */; };
		09FE4EF01EB73AE900D34F36 /* ZCRecipesAutoSearchModel.m in Sources */ = {isa = PBXBuildFile; fileRef = 09FE4EEF1EB73AE900D34F36 /* ZCRecipesAutoSearchModel.m */; };
		09FE4EF31EB73D0500D34F36 /* ZCRecipesSearchBasicCell.m in Sources */ = {isa = PBXBuildFile; fileRef = 09FE4EF21EB73D0500D34F36 /* ZCRecipesSearchBasicCell.m */; };
		09FE4EF91EB73FFE00D34F36 /* SaveSearchTextTool.m in Sources */ = {isa = PBXBuildFile; fileRef = 09FE4EF81EB73FFE00D34F36 /* SaveSearchTextTool.m */; };
		F2F4CD81E2787577D4A4EF9C /* libPods-iZhangChu.a in Frameworks */ = {isa = PBXBuildFile; fileRef = 1578D2F11D0D4E3759AD292C /* libPods-iZhangChu.a */; };
/* End PBXBuildFile section */

/* Begin PBXContainerItemProxy section */
		0952BFD01EA84DD3002DA69E /* PBXContainerItemProxy */ = {
			isa = PBXContainerItemProxy;
			containerPortal = 0952BFAE1EA84DD3002DA69E /* Project object */;
			proxyType = 1;
			remoteGlobalIDString = 0952BFB51EA84DD3002DA69E;
			remoteInfo = iZhangChu;
		};
		0952BFDB1EA84DD3002DA69E /* PBXContainerItemProxy */ = {
			isa = PBXContainerItemProxy;
			containerPortal = 0952BFAE1EA84DD3002DA69E /* Project object */;
			proxyType = 1;
			remoteGlobalIDString = 0952BFB51EA84DD3002DA69E;
			remoteInfo = iZhangChu;
		};
/* End PBXContainerItemProxy section */

/* Begin PBXFileReference section */
		090058CE1EB374B500973273 /* ZCBasicIntroduceViewController.h */ = {isa = PBXFileReference; fileEncoding = 4; lastKnownFileType = sourcecode.c.h; path = ZCBasicIntroduceViewController.h; sourceTree = "<group>"; };
		090058CF1EB374B500973273 /* ZCBasicIntroduceViewController.m */ = {isa = PBXFileReference; fileEncoding = 4; lastKnownFileType = sourcecode.c.objc; path = ZCBasicIntroduceViewController.m; sourceTree = "<group>"; };
		090058D11EB374F500973273 /* ZCIngredientsCollocationViewController.h */ = {isa = PBXFileReference; fileEncoding = 4; lastKnownFileType = sourcecode.c.h; path = ZCIngredientsCollocationViewController.h; sourceTree = "<group>"; };
		090058D21EB374F500973273 /* ZCIngredientsCollocationViewController.m */ = {isa = PBXFileReference; fileEncoding = 4; lastKnownFileType = sourcecode.c.objc; path = ZCIngredientsCollocationViewController.m; sourceTree = "<group>"; };
		090058D41EB3759B00973273 /* ZCSceneRecipesViewController.h */ = {isa = PBXFileReference; fileEncoding = 4; lastKnownFileType = sourcecode.c.h; path = ZCSceneRecipesViewController.h; sourceTree = "<group>"; };
		090058D51EB3759B00973273 /* ZCSceneRecipesViewController.m */ = {isa = PBXFileReference; fileEncoding = 4; lastKnownFileType = sourcecode.c.objc; path = ZCSceneRecipesViewController.m; sourceTree = "<group>"; };
		090058D71EB375D800973273 /* ZCFoodLiveViewController.h */ = {isa = PBXFileReference; fileEncoding = 4; lastKnownFileType = sourcecode.c.h; path = ZCFoodLiveViewController.h; sourceTree = "<group>"; };
		090058D81EB375D800973273 /* ZCFoodLiveViewController.m */ = {isa = PBXFileReference; fileEncoding = 4; lastKnownFileType = sourcecode.c.objc; path = ZCFoodLiveViewController.m; sourceTree = "<group>"; };
		090058DA1EB3780500973273 /* ZCScanViewController.h */ = {isa = PBXFileReference; fileEncoding = 4; lastKnownFileType = sourcecode.c.h; path = ZCScanViewController.h; sourceTree = "<group>"; };
		090058DB1EB3780500973273 /* ZCScanViewController.m */ = {isa = PBXFileReference; fileEncoding = 4; lastKnownFileType = sourcecode.c.objc; path = ZCScanViewController.m; sourceTree = "<group>"; };
		090058DD1EB3782900973273 /* ZCRecipesSearchViewController.h */ = {isa = PBXFileReference; fileEncoding = 4; lastKnownFileType = sourcecode.c.h; path = ZCRecipesSearchViewController.h; sourceTree = "<group>"; };
		090058DE1EB3782900973273 /* ZCRecipesSearchViewController.m */ = {isa = PBXFileReference; fileEncoding = 4; lastKnownFileType = sourcecode.c.objc; path = ZCRecipesSearchViewController.m; sourceTree = "<group>"; };
		090058E01EB37A5D00973273 /* ZCRecipesSearchCell.h */ = {isa = PBXFileReference; fileEncoding = 4; lastKnownFileType = sourcecode.c.h; path = ZCRecipesSearchCell.h; sourceTree = "<group>"; };
		090058E11EB37A5D00973273 /* ZCRecipesSearchCell.m */ = {isa = PBXFileReference; fileEncoding = 4; lastKnownFileType = sourcecode.c.objc; path = ZCRecipesSearchCell.m; sourceTree = "<group>"; };
		090058E71EB3939900973273 /* ZCRecipesSearchGroup.h */ = {isa = PBXFileReference; fileEncoding = 4; lastKnownFileType = sourcecode.c.h; path = ZCRecipesSearchGroup.h; sourceTree = "<group>"; };
		090058E81EB3939900973273 /* ZCRecipesSearchGroup.m */ = {isa = PBXFileReference; fileEncoding = 4; lastKnownFileType = sourcecode.c.objc; path = ZCRecipesSearchGroup.m; sourceTree = "<group>"; };
		090058EA1EB43A7F00973273 /* ZCSearchView.h */ = {isa = PBXFileReference; fileEncoding = 4; lastKnownFileType = sourcecode.c.h; path = ZCSearchView.h; sourceTree = "<group>"; };
		090058EB1EB43A7F00973273 /* ZCSearchView.m */ = {isa = PBXFileReference; fileEncoding = 4; lastKnownFileType = sourcecode.c.objc; path = ZCSearchView.m; sourceTree = "<group>"; };
		090058ED1EB43A8A00973273 /* ZCSearchView.xib */ = {isa = PBXFileReference; fileEncoding = 4; lastKnownFileType = file.xib; path = ZCSearchView.xib; sourceTree = "<group>"; };
		090058EF1EB47D2900973273 /* ZCRecipesSearchResultViewController.h */ = {isa = PBXFileReference; fileEncoding = 4; lastKnownFileType = sourcecode.c.h; path = ZCRecipesSearchResultViewController.h; sourceTree = "<group>"; };
		090058F01EB47D2900973273 /* ZCRecipesSearchResultViewController.m */ = {isa = PBXFileReference; fileEncoding = 4; lastKnownFileType = sourcecode.c.objc; path = ZCRecipesSearchResultViewController.m; sourceTree = "<group>"; };
		090058F21EB47D8000973273 /* ZCRecipesSearchResultCell.h */ = {isa = PBXFileReference; fileEncoding = 4; lastKnownFileType = sourcecode.c.h; path = ZCRecipesSearchResultCell.h; sourceTree = "<group>"; };
		090058F31EB47D8000973273 /* ZCRecipesSearchResultCell.m */ = {isa = PBXFileReference; fileEncoding = 4; lastKnownFileType = sourcecode.c.objc; path = ZCRecipesSearchResultCell.m; sourceTree = "<group>"; };
		090058F51EB47D8B00973273 /* ZCRecipesSearchResultCell.xib */ = {isa = PBXFileReference; fileEncoding = 4; lastKnownFileType = file.xib; path = ZCRecipesSearchResultCell.xib; sourceTree = "<group>"; };
		090058F71EB4875100973273 /* ZCRecipesSearchResultModel.h */ = {isa = PBXFileReference; fileEncoding = 4; lastKnownFileType = sourcecode.c.h; path = ZCRecipesSearchResultModel.h; sourceTree = "<group>"; };
		090058F81EB4875100973273 /* ZCRecipesSearchResultModel.m */ = {isa = PBXFileReference; fileEncoding = 4; lastKnownFileType = sourcecode.c.objc; path = ZCRecipesSearchResultModel.m; sourceTree = "<group>"; };
		090058FB1EB4BDFC00973273 /* ZCRecomendCellDelegate.h */ = {isa = PBXFileReference; fileEncoding = 4; lastKnownFileType = sourcecode.c.h; path = ZCRecomendCellDelegate.h; sourceTree = "<group>"; };
		0902570B1EB17FD000708FEC /* ZCCourseZanModel.h */ = {isa = PBXFileReference; fileEncoding = 4; lastKnownFileType = sourcecode.c.h; path = ZCCourseZanModel.h; sourceTree = "<group>"; };
		0902570C1EB17FD000708FEC /* ZCCourseZanModel.m */ = {isa = PBXFileReference; fileEncoding = 4; lastKnownFileType = sourcecode.c.objc; path = ZCCourseZanModel.m; sourceTree = "<group>"; };
		0902570E1EB1BE5A00708FEC /* ZCCourseCommentModel.h */ = {isa = PBXFileReference; fileEncoding = 4; lastKnownFileType = sourcecode.c.h; path = ZCCourseCommentModel.h; sourceTree = "<group>"; };
		0902570F1EB1BE5A00708FEC /* ZCCourseCommentModel.m */ = {isa = PBXFileReference; fileEncoding = 4; lastKnownFileType = sourcecode.c.objc; path = ZCCourseCommentModel.m; sourceTree = "<group>"; };
		090257111EB1C1A400708FEC /* ZCCourseCommentCell.h */ = {isa = PBXFileReference; fileEncoding = 4; lastKnownFileType = sourcecode.c.h; path = ZCCourseCommentCell.h; sourceTree = "<group>"; };
		090257121EB1C1A400708FEC /* ZCCourseCommentCell.m */ = {isa = PBXFileReference; fileEncoding = 4; lastKnownFileType = sourcecode.c.objc; path = ZCCourseCommentCell.m; sourceTree = "<group>"; };
		090257131EB1C1A400708FEC /* ZCCourseCommentCell.xib */ = {isa = PBXFileReference; fileEncoding = 4; lastKnownFileType = file.xib; path = ZCCourseCommentCell.xib; sourceTree = "<group>"; };
		09033DF21EB077DC0039FECA /* ZCCourseRelateModel.h */ = {isa = PBXFileReference; fileEncoding = 4; lastKnownFileType = sourcecode.c.h; path = ZCCourseRelateModel.h; sourceTree = "<group>"; };
		09033DF31EB077DC0039FECA /* ZCCourseRelateModel.m */ = {isa = PBXFileReference; fileEncoding = 4; lastKnownFileType = sourcecode.c.objc; path = ZCCourseRelateModel.m; sourceTree = "<group>"; };
		090579161EADB786002F2083 /* ZCRecommendEmptyCell.h */ = {isa = PBXFileReference; fileEncoding = 4; lastKnownFileType = sourcecode.c.h; path = ZCRecommendEmptyCell.h; sourceTree = "<group>"; };
		090579171EADB786002F2083 /* ZCRecommendEmptyCell.m */ = {isa = PBXFileReference; fileEncoding = 4; lastKnownFileType = sourcecode.c.objc; path = ZCRecommendEmptyCell.m; sourceTree = "<group>"; };
		090579191EADB7E9002F2083 /* ZCRecommendEmptyModel.h */ = {isa = PBXFileReference; fileEncoding = 4; lastKnownFileType = sourcecode.c.h; path = ZCRecommendEmptyModel.h; sourceTree = "<group>"; };
		0905791A1EADB7E9002F2083 /* ZCRecommendEmptyModel.m */ = {isa = PBXFileReference; fileEncoding = 4; lastKnownFileType = sourcecode.c.objc; path = ZCRecommendEmptyModel.m; sourceTree = "<group>"; };
		0905791C1EADBA61002F2083 /* ZCRecommendMasterListCell.h */ = {isa = PBXFileReference; fileEncoding = 4; lastKnownFileType = sourcecode.c.h; path = ZCRecommendMasterListCell.h; sourceTree = "<group>"; };
		0905791D1EADBA61002F2083 /* ZCRecommendMasterListCell.m */ = {isa = PBXFileReference; fileEncoding = 4; lastKnownFileType = sourcecode.c.objc; path = ZCRecommendMasterListCell.m; sourceTree = "<group>"; };
		0905791F1EADBA7D002F2083 /* ZCRecommendMasterListModel.h */ = {isa = PBXFileReference; fileEncoding = 4; lastKnownFileType = sourcecode.c.h; path = ZCRecommendMasterListModel.h; sourceTree = "<group>"; };
		090579201EADBA7D002F2083 /* ZCRecommendMasterListModel.m */ = {isa = PBXFileReference; fileEncoding = 4; lastKnownFileType = sourcecode.c.objc; path = ZCRecommendMasterListModel.m; sourceTree = "<group>"; };
		090579221EADBC4C002F2083 /* ZCRecommendMasterListView.h */ = {isa = PBXFileReference; fileEncoding = 4; lastKnownFileType = sourcecode.c.h; path = ZCRecommendMasterListView.h; sourceTree = "<group>"; };
		090579231EADBC4C002F2083 /* ZCRecommendMasterListView.m */ = {isa = PBXFileReference; fileEncoding = 4; lastKnownFileType = sourcecode.c.objc; path = ZCRecommendMasterListView.m; sourceTree = "<group>"; };
		090579251EADBC59002F2083 /* ZCRecommendMasterListView.xib */ = {isa = PBXFileReference; fileEncoding = 4; lastKnownFileType = file.xib; path = ZCRecommendMasterListView.xib; sourceTree = "<group>"; };
		090579271EADCD3E002F2083 /* UIImage+General.h */ = {isa = PBXFileReference; fileEncoding = 4; lastKnownFileType = sourcecode.c.h; path = "UIImage+General.h"; sourceTree = "<group>"; };
		090579281EADCD3E002F2083 /* UIImage+General.m */ = {isa = PBXFileReference; fileEncoding = 4; lastKnownFileType = sourcecode.c.objc; path = "UIImage+General.m"; sourceTree = "<group>"; };
		0905792A1EADD452002F2083 /* ZCRecommendHaveHeaderIconImageCell.h */ = {isa = PBXFileReference; fileEncoding = 4; lastKnownFileType = sourcecode.c.h; path = ZCRecommendHaveHeaderIconImageCell.h; sourceTree = "<group>"; };
		0905792B1EADD452002F2083 /* ZCRecommendHaveHeaderIconImageCell.m */ = {isa = PBXFileReference; fileEncoding = 4; lastKnownFileType = sourcecode.c.objc; path = ZCRecommendHaveHeaderIconImageCell.m; sourceTree = "<group>"; };
		0905792D1EADD503002F2083 /* ZCRecommendHaveHeaderIconImageView.h */ = {isa = PBXFileReference; fileEncoding = 4; lastKnownFileType = sourcecode.c.h; path = ZCRecommendHaveHeaderIconImageView.h; sourceTree = "<group>"; };
		0905792E1EADD503002F2083 /* ZCRecommendHaveHeaderIconImageView.m */ = {isa = PBXFileReference; fileEncoding = 4; lastKnownFileType = sourcecode.c.objc; path = ZCRecommendHaveHeaderIconImageView.m; sourceTree = "<group>"; };
		090579301EADD50E002F2083 /* ZCRecommendHaveHeaderIconImageView.xib */ = {isa = PBXFileReference; fileEncoding = 4; lastKnownFileType = file.xib; path = ZCRecommendHaveHeaderIconImageView.xib; sourceTree = "<group>"; };
		090579321EADD7FB002F2083 /* ZCRecommendHaveHeaderIconImageModel.h */ = {isa = PBXFileReference; fileEncoding = 4; lastKnownFileType = sourcecode.c.h; path = ZCRecommendHaveHeaderIconImageModel.h; sourceTree = "<group>"; };
		090579331EADD7FB002F2083 /* ZCRecommendHaveHeaderIconImageModel.m */ = {isa = PBXFileReference; fileEncoding = 4; lastKnownFileType = sourcecode.c.objc; path = ZCRecommendHaveHeaderIconImageModel.m; sourceTree = "<group>"; };
		090579381EADE06C002F2083 /* ZCRecommendImageViewTitleCell.h */ = {isa = PBXFileReference; fileEncoding = 4; lastKnownFileType = sourcecode.c.h; path = ZCRecommendImageViewTitleCell.h; sourceTree = "<group>"; };
		090579391EADE06C002F2083 /* ZCRecommendImageViewTitleCell.m */ = {isa = PBXFileReference; fileEncoding = 4; lastKnownFileType = sourcecode.c.objc; path = ZCRecommendImageViewTitleCell.m; sourceTree = "<group>"; };
		0905793B1EADE07D002F2083 /* ZCRecommendImageViewTitleModel.h */ = {isa = PBXFileReference; fileEncoding = 4; lastKnownFileType = sourcecode.c.h; path = ZCRecommendImageViewTitleModel.h; sourceTree = "<group>"; };
		0905793C1EADE07D002F2083 /* ZCRecommendImageViewTitleModel.m */ = {isa = PBXFileReference; fileEncoding = 4; lastKnownFileType = sourcecode.c.objc; path = ZCRecommendImageViewTitleModel.m; sourceTree = "<group>"; };
		0905793E1EADF22C002F2083 /* ZCIngredientsDataModel.h */ = {isa = PBXFileReference; fileEncoding = 4; lastKnownFileType = sourcecode.c.h; path = ZCIngredientsDataModel.h; sourceTree = "<group>"; };
		0905793F1EADF22C002F2083 /* ZCIngredientsDataModel.m */ = {isa = PBXFileReference; fileEncoding = 4; lastKnownFileType = sourcecode.c.objc; path = ZCIngredientsDataModel.m; sourceTree = "<group>"; };
		090579411EADF260002F2083 /* ZCIngredientsCell.h */ = {isa = PBXFileReference; fileEncoding = 4; lastKnownFileType = sourcecode.c.h; path = ZCIngredientsCell.h; sourceTree = "<group>"; };
		090579421EADF260002F2083 /* ZCIngredientsCell.m */ = {isa = PBXFileReference; fileEncoding = 4; lastKnownFileType = sourcecode.c.objc; path = ZCIngredientsCell.m; sourceTree = "<group>"; };
		090579441EADF88F002F2083 /* ZCIngredientsButtonModel.h */ = {isa = PBXFileReference; fileEncoding = 4; lastKnownFileType = sourcecode.c.h; path = ZCIngredientsButtonModel.h; sourceTree = "<group>"; };
		090579451EADF88F002F2083 /* ZCIngredientsButtonModel.m */ = {isa = PBXFileReference; fileEncoding = 4; lastKnownFileType = sourcecode.c.objc; path = ZCIngredientsButtonModel.m; sourceTree = "<group>"; };
		09065F4E1EB0AC12005E1CB6 /* NSString+Extension.h */ = {isa = PBXFileReference; fileEncoding = 4; lastKnownFileType = sourcecode.c.h; path = "NSString+Extension.h"; sourceTree = "<group>"; };
		09065F4F1EB0AC12005E1CB6 /* NSString+Extension.m */ = {isa = PBXFileReference; fileEncoding = 4; lastKnownFileType = sourcecode.c.objc; path = "NSString+Extension.m"; sourceTree = "<group>"; };
		09511F7F1EAF0EFC002ABD42 /* ZCCourseViewController.h */ = {isa = PBXFileReference; fileEncoding = 4; lastKnownFileType = sourcecode.c.h; path = ZCCourseViewController.h; sourceTree = "<group>"; };
		09511F801EAF0EFC002ABD42 /* ZCCourseViewController.m */ = {isa = PBXFileReference; fileEncoding = 4; lastKnownFileType = sourcecode.c.objc; path = ZCCourseViewController.m; sourceTree = "<group>"; };
		09511F821EAF1283002ABD42 /* ZCCourseHeaderView.h */ = {isa = PBXFileReference; fileEncoding = 4; lastKnownFileType = sourcecode.c.h; path = ZCCourseHeaderView.h; sourceTree = "<group>"; };
		09511F831EAF1283002ABD42 /* ZCCourseHeaderView.m */ = {isa = PBXFileReference; fileEncoding = 4; lastKnownFileType = sourcecode.c.objc; path = ZCCourseHeaderView.m; sourceTree = "<group>"; };
		09511F851EAF14FE002ABD42 /* ZCNavigationView.h */ = {isa = PBXFileReference; fileEncoding = 4; lastKnownFileType = sourcecode.c.h; path = ZCNavigationView.h; sourceTree = "<group>"; };
		09511F861EAF14FE002ABD42 /* ZCNavigationView.m */ = {isa = PBXFileReference; fileEncoding = 4; lastKnownFileType = sourcecode.c.objc; path = ZCNavigationView.m; sourceTree = "<group>"; };
		09511F8B1EAF17B1002ABD42 /* ZCPlayImageView.h */ = {isa = PBXFileReference; fileEncoding = 4; lastKnownFileType = sourcecode.c.h; path = ZCPlayImageView.h; sourceTree = "<group>"; };
		09511F8C1EAF17B1002ABD42 /* ZCPlayImageView.m */ = {isa = PBXFileReference; fileEncoding = 4; lastKnownFileType = sourcecode.c.objc; path = ZCPlayImageView.m; sourceTree = "<group>"; };
		09511F8E1EAF18A3002ABD42 /* ZCCourseHeaderView.xib */ = {isa = PBXFileReference; fileEncoding = 4; lastKnownFileType = file.xib; path = ZCCourseHeaderView.xib; sourceTree = "<group>"; };
		09511FD61EAF40DB002ABD42 /* ZCCourseHeaderModel.h */ = {isa = PBXFileReference; fileEncoding = 4; lastKnownFileType = sourcecode.c.h; path = ZCCourseHeaderModel.h; sourceTree = "<group>"; };
		09511FD71EAF40DB002ABD42 /* ZCCourseHeaderModel.m */ = {isa = PBXFileReference; fileEncoding = 4; lastKnownFileType = sourcecode.c.objc; path = ZCCourseHeaderModel.m; sourceTree = "<group>"; };
		09511FD91EAF4104002ABD42 /* ZCCourseEpisodeModel.h */ = {isa = PBXFileReference; fileEncoding = 4; lastKnownFileType = sourcecode.c.h; path = ZCCourseEpisodeModel.h; sourceTree = "<group>"; };
		09511FDA1EAF4104002ABD42 /* ZCCourseEpisodeModel.m */ = {isa = PBXFileReference; fileEncoding = 4; lastKnownFileType = sourcecode.c.objc; path = ZCCourseEpisodeModel.m; sourceTree = "<group>"; };
		0952BFB61EA84DD3002DA69E /* iZhangChu.app */ = {isa = PBXFileReference; explicitFileType = wrapper.application; includeInIndex = 0; path = iZhangChu.app; sourceTree = BUILT_PRODUCTS_DIR; };
		0952BFBA1EA84DD3002DA69E /* main.m */ = {isa = PBXFileReference; lastKnownFileType = sourcecode.c.objc; path = main.m; sourceTree = "<group>"; };
		0952BFC51EA84DD3002DA69E /* Assets.xcassets */ = {isa = PBXFileReference; lastKnownFileType = folder.assetcatalog; path = Assets.xcassets; sourceTree = "<group>"; };
		0952BFC81EA84DD3002DA69E /* Base */ = {isa = PBXFileReference; lastKnownFileType = file.storyboard; name = Base; path = Base.lproj/LaunchScreen.storyboard; sourceTree = "<group>"; };
		0952BFCA1EA84DD3002DA69E /* Info.plist */ = {isa = PBXFileReference; lastKnownFileType = text.plist.xml; path = Info.plist; sourceTree = "<group>"; };
		0952BFCF1EA84DD3002DA69E /* iZhangChuTests.xctest */ = {isa = PBXFileReference; explicitFileType = wrapper.cfbundle; includeInIndex = 0; path = iZhangChuTests.xctest; sourceTree = BUILT_PRODUCTS_DIR; };
		0952BFD31EA84DD3002DA69E /* iZhangChuTests.m */ = {isa = PBXFileReference; lastKnownFileType = sourcecode.c.objc; path = iZhangChuTests.m; sourceTree = "<group>"; };
		0952BFD51EA84DD3002DA69E /* Info.plist */ = {isa = PBXFileReference; lastKnownFileType = text.plist.xml; path = Info.plist; sourceTree = "<group>"; };
		0952BFDA1EA84DD3002DA69E /* iZhangChuUITests.xctest */ = {isa = PBXFileReference; explicitFileType = wrapper.cfbundle; includeInIndex = 0; path = iZhangChuUITests.xctest; sourceTree = BUILT_PRODUCTS_DIR; };
		0952BFDE1EA84DD3002DA69E /* iZhangChuUITests.m */ = {isa = PBXFileReference; lastKnownFileType = sourcecode.c.objc; path = iZhangChuUITests.m; sourceTree = "<group>"; };
		0952BFE01EA84DD3002DA69E /* Info.plist */ = {isa = PBXFileReference; lastKnownFileType = text.plist.xml; path = Info.plist; sourceTree = "<group>"; };
		0952BFEE1EA84E41002DA69E /* NSObject+Property.h */ = {isa = PBXFileReference; fileEncoding = 4; lastKnownFileType = sourcecode.c.h; path = "NSObject+Property.h"; sourceTree = "<group>"; };
		0952BFEF1EA84E41002DA69E /* NSObject+Property.m */ = {isa = PBXFileReference; fileEncoding = 4; lastKnownFileType = sourcecode.c.objc; path = "NSObject+Property.m"; sourceTree = "<group>"; };
		0952BFF01EA84E41002DA69E /* UIView+Frame.h */ = {isa = PBXFileReference; fileEncoding = 4; lastKnownFileType = sourcecode.c.h; path = "UIView+Frame.h"; sourceTree = "<group>"; };
		0952BFF11EA84E41002DA69E /* UIView+Frame.m */ = {isa = PBXFileReference; fileEncoding = 4; lastKnownFileType = sourcecode.c.objc; path = "UIView+Frame.m"; sourceTree = "<group>"; };
		0952BFF31EA84E41002DA69E /* AppDelegate.h */ = {isa = PBXFileReference; fileEncoding = 4; lastKnownFileType = sourcecode.c.h; path = AppDelegate.h; sourceTree = "<group>"; };
		0952BFF41EA84E41002DA69E /* AppDelegate.m */ = {isa = PBXFileReference; fileEncoding = 4; lastKnownFileType = sourcecode.c.objc; path = AppDelegate.m; sourceTree = "<group>"; };
		0952BFF61EA84E41002DA69E /* Singleton.h */ = {isa = PBXFileReference; fileEncoding = 4; lastKnownFileType = sourcecode.c.h; path = Singleton.h; sourceTree = "<group>"; };
		0952BFF71EA84E41002DA69E /* ZCConst.h */ = {isa = PBXFileReference; fileEncoding = 4; lastKnownFileType = sourcecode.c.h; path = ZCConst.h; sourceTree = "<group>"; };
		0952BFF81EA84E41002DA69E /* ZCConst.m */ = {isa = PBXFileReference; fileEncoding = 4; lastKnownFileType = sourcecode.c.objc; path = ZCConst.m; sourceTree = "<group>"; };
		0952BFF91EA84E41002DA69E /* ZCHeaderFile.h */ = {isa = PBXFileReference; fileEncoding = 4; lastKnownFileType = sourcecode.c.h; path = ZCHeaderFile.h; sourceTree = "<group>"; };
		0952BFFA1EA84E41002DA69E /* ZCMacro.h */ = {isa = PBXFileReference; fileEncoding = 4; lastKnownFileType = sourcecode.c.h; path = ZCMacro.h; sourceTree = "<group>"; };
		0952C00A1EA84E41002DA69E /* ZCCommunityHomeViewController.h */ = {isa = PBXFileReference; fileEncoding = 4; lastKnownFileType = sourcecode.c.h; path = ZCCommunityHomeViewController.h; sourceTree = "<group>"; };
		0952C00B1EA84E41002DA69E /* ZCCommunityHomeViewController.m */ = {isa = PBXFileReference; fileEncoding = 4; lastKnownFileType = sourcecode.c.objc; path = ZCCommunityHomeViewController.m; sourceTree = "<group>"; };
		0952C0111EA84E41002DA69E /* ZCLohasHomeViewController.h */ = {isa = PBXFileReference; fileEncoding = 4; lastKnownFileType = sourcecode.c.h; path = ZCLohasHomeViewController.h; sourceTree = "<group>"; };
		0952C0121EA84E41002DA69E /* ZCLohasHomeViewController.m */ = {isa = PBXFileReference; fileEncoding = 4; lastKnownFileType = sourcecode.c.objc; path = ZCLohasHomeViewController.m; sourceTree = "<group>"; };
		0952C0171EA84E41002DA69E /* ZCMineHomeViewController.h */ = {isa = PBXFileReference; fileEncoding = 4; lastKnownFileType = sourcecode.c.h; path = ZCMineHomeViewController.h; sourceTree = "<group>"; };
		0952C0181EA84E41002DA69E /* ZCMineHomeViewController.m */ = {isa = PBXFileReference; fileEncoding = 4; lastKnownFileType = sourcecode.c.objc; path = ZCMineHomeViewController.m; sourceTree = "<group>"; };
		0952C01D1EA84E41002DA69E /* ZCCategoryViewController.h */ = {isa = PBXFileReference; fileEncoding = 4; lastKnownFileType = sourcecode.c.h; path = ZCCategoryViewController.h; sourceTree = "<group>"; };
		0952C01E1EA84E41002DA69E /* ZCCategoryViewController.m */ = {isa = PBXFileReference; fileEncoding = 4; lastKnownFileType = sourcecode.c.objc; path = ZCCategoryViewController.m; sourceTree = "<group>"; };
		0952C01F1EA84E41002DA69E /* ZCIngredientsViewController.h */ = {isa = PBXFileReference; fileEncoding = 4; lastKnownFileType = sourcecode.c.h; path = ZCIngredientsViewController.h; sourceTree = "<group>"; };
		0952C0201EA84E41002DA69E /* ZCIngredientsViewController.m */ = {isa = PBXFileReference; fileEncoding = 4; lastKnownFileType = sourcecode.c.objc; path = ZCIngredientsViewController.m; sourceTree = "<group>"; };
		0952C0211EA84E41002DA69E /* ZCRecipesHomeViewController.h */ = {isa = PBXFileReference; fileEncoding = 4; lastKnownFileType = sourcecode.c.h; path = ZCRecipesHomeViewController.h; sourceTree = "<group>"; };
		0952C0221EA84E41002DA69E /* ZCRecipesHomeViewController.m */ = {isa = PBXFileReference; fileEncoding = 4; lastKnownFileType = sourcecode.c.objc; path = ZCRecipesHomeViewController.m; sourceTree = "<group>"; };
		0952C0231EA84E41002DA69E /* ZCRecommendViewController.h */ = {isa = PBXFileReference; fileEncoding = 4; lastKnownFileType = sourcecode.c.h; path = ZCRecommendViewController.h; sourceTree = "<group>"; };
		0952C0241EA84E41002DA69E /* ZCRecommendViewController.m */ = {isa = PBXFileReference; fileEncoding = 4; lastKnownFileType = sourcecode.c.objc; path = ZCRecommendViewController.m; sourceTree = "<group>"; };
		0952C0261EA84E41002DA69E /* ZCRecommendBannerModel.h */ = {isa = PBXFileReference; fileEncoding = 4; lastKnownFileType = sourcecode.c.h; path = ZCRecommendBannerModel.h; sourceTree = "<group>"; };
		0952C0271EA84E41002DA69E /* ZCRecommendBannerModel.m */ = {isa = PBXFileReference; fileEncoding = 4; lastKnownFileType = sourcecode.c.objc; path = ZCRecommendBannerModel.m; sourceTree = "<group>"; };
		0952C0291EA84E41002DA69E /* ZCRecipesNavigationView.h */ = {isa = PBXFileReference; fileEncoding = 4; lastKnownFileType = sourcecode.c.h; path = ZCRecipesNavigationView.h; sourceTree = "<group>"; };
		0952C02A1EA84E41002DA69E /* ZCRecipesNavigationView.m */ = {isa = PBXFileReference; fileEncoding = 4; lastKnownFileType = sourcecode.c.objc; path = ZCRecipesNavigationView.m; sourceTree = "<group>"; };
		0952C02B1EA84E41002DA69E /* ZCRecommendHeaderView.h */ = {isa = PBXFileReference; fileEncoding = 4; lastKnownFileType = sourcecode.c.h; path = ZCRecommendHeaderView.h; sourceTree = "<group>"; };
		0952C02C1EA84E41002DA69E /* ZCRecommendHeaderView.m */ = {isa = PBXFileReference; fileEncoding = 4; lastKnownFileType = sourcecode.c.objc; path = ZCRecommendHeaderView.m; sourceTree = "<group>"; };
		0952C05D1EA86CDC002DA69E /* SPButton.h */ = {isa = PBXFileReference; fileEncoding = 4; lastKnownFileType = sourcecode.c.h; path = SPButton.h; sourceTree = "<group>"; };
		0952C05E1EA86CDC002DA69E /* SPButton.m */ = {isa = PBXFileReference; fileEncoding = 4; lastKnownFileType = sourcecode.c.objc; path = SPButton.m; sourceTree = "<group>"; };
		0952C0601EA86CDC002DA69E /* SPCarouselScrollView.h */ = {isa = PBXFileReference; fileEncoding = 4; lastKnownFileType = sourcecode.c.h; path = SPCarouselScrollView.h; sourceTree = "<group>"; };
		0952C0611EA86CDC002DA69E /* SPCarouselScrollView.m */ = {isa = PBXFileReference; fileEncoding = 4; lastKnownFileType = sourcecode.c.objc; path = SPCarouselScrollView.m; sourceTree = "<group>"; };
		0952C0631EA86CDC002DA69E /* SPHTTPSessionManager.h */ = {isa = PBXFileReference; fileEncoding = 4; lastKnownFileType = sourcecode.c.h; path = SPHTTPSessionManager.h; sourceTree = "<group>"; };
		0952C0641EA86CDC002DA69E /* SPHTTPSessionManager.m */ = {isa = PBXFileReference; fileEncoding = 4; lastKnownFileType = sourcecode.c.objc; path = SPHTTPSessionManager.m; sourceTree = "<group>"; };
		0952C0661EA86CDC002DA69E /* SPPageMenu.h */ = {isa = PBXFileReference; fileEncoding = 4; lastKnownFileType = sourcecode.c.h; path = SPPageMenu.h; sourceTree = "<group>"; };
		0952C0671EA86CDC002DA69E /* SPPageMenu.m */ = {isa = PBXFileReference; fileEncoding = 4; lastKnownFileType = sourcecode.c.objc; path = SPPageMenu.m; sourceTree = "<group>"; };
		0952C06E1EA86E5A002DA69E /* ZCBasicViewController.h */ = {isa = PBXFileReference; fileEncoding = 4; lastKnownFileType = sourcecode.c.h; path = ZCBasicViewController.h; sourceTree = "<group>"; };
		0952C06F1EA86E5A002DA69E /* ZCBasicViewController.m */ = {isa = PBXFileReference; fileEncoding = 4; lastKnownFileType = sourcecode.c.objc; path = ZCBasicViewController.m; sourceTree = "<group>"; };
		0952C0701EA86E5A002DA69E /* ZCNavigationController.h */ = {isa = PBXFileReference; fileEncoding = 4; lastKnownFileType = sourcecode.c.h; path = ZCNavigationController.h; sourceTree = "<group>"; };
		0952C0711EA86E5A002DA69E /* ZCNavigationController.m */ = {isa = PBXFileReference; fileEncoding = 4; lastKnownFileType = sourcecode.c.objc; path = ZCNavigationController.m; sourceTree = "<group>"; };
		0952C0721EA86E5A002DA69E /* ZCTabBarController.h */ = {isa = PBXFileReference; fileEncoding = 4; lastKnownFileType = sourcecode.c.h; path = ZCTabBarController.h; sourceTree = "<group>"; };
		0952C0731EA86E5A002DA69E /* ZCTabBarController.m */ = {isa = PBXFileReference; fileEncoding = 4; lastKnownFileType = sourcecode.c.objc; path = ZCTabBarController.m; sourceTree = "<group>"; };
		0952C0751EA86E5A002DA69E /* ZCBasicModel.h */ = {isa = PBXFileReference; fileEncoding = 4; lastKnownFileType = sourcecode.c.h; path = ZCBasicModel.h; sourceTree = "<group>"; };
		0952C0761EA86E5A002DA69E /* ZCBasicModel.m */ = {isa = PBXFileReference; fileEncoding = 4; lastKnownFileType = sourcecode.c.objc; path = ZCBasicModel.m; sourceTree = "<group>"; };
		0952C0801EA872AC002DA69E /* ZCRecommendBasicCell.h */ = {isa = PBXFileReference; fileEncoding = 4; lastKnownFileType = sourcecode.c.h; path = ZCRecommendBasicCell.h; sourceTree = "<group>"; };
		0952C0811EA872AC002DA69E /* ZCRecommendBasicCell.m */ = {isa = PBXFileReference; fileEncoding = 4; lastKnownFileType = sourcecode.c.objc; path = ZCRecommendBasicCell.m; sourceTree = "<group>"; };
		0952C08C1EA8794F002DA69E /* ZCRecommendBasicModel.h */ = {isa = PBXFileReference; fileEncoding = 4; lastKnownFileType = sourcecode.c.h; path = ZCRecommendBasicModel.h; sourceTree = "<group>"; };
		0952C08D1EA8794F002DA69E /* ZCRecommendBasicModel.m */ = {isa = PBXFileReference; fileEncoding = 4; lastKnownFileType = sourcecode.c.objc; path = ZCRecommendBasicModel.m; sourceTree = "<group>"; };
		095825C21EA9A9660072394A /* ZCRecommendWidgetItem.h */ = {isa = PBXFileReference; fileEncoding = 4; lastKnownFileType = sourcecode.c.h; path = ZCRecommendWidgetItem.h; sourceTree = "<group>"; };
		095825C31EA9A9660072394A /* ZCRecommendWidgetItem.m */ = {isa = PBXFileReference; fileEncoding = 4; lastKnownFileType = sourcecode.c.objc; path = ZCRecommendWidgetItem.m; sourceTree = "<group>"; };
		095825C81EA9C94D0072394A /* ZCRecommendButtonCell.h */ = {isa = PBXFileReference; fileEncoding = 4; lastKnownFileType = sourcecode.c.h; path = ZCRecommendButtonCell.h; sourceTree = "<group>"; };
		095825C91EA9C94D0072394A /* ZCRecommendButtonCell.m */ = {isa = PBXFileReference; fileEncoding = 4; lastKnownFileType = sourcecode.c.objc; path = ZCRecommendButtonCell.m; sourceTree = "<group>"; };
		095825CB1EA9C9C40072394A /* ZCRecommendButtonModel.h */ = {isa = PBXFileReference; fileEncoding = 4; lastKnownFileType = sourcecode.c.h; path = ZCRecommendButtonModel.h; sourceTree = "<group>"; };
		095825CC1EA9C9C40072394A /* ZCRecommendButtonModel.m */ = {isa = PBXFileReference; fileEncoding = 4; lastKnownFileType = sourcecode.c.objc; path = ZCRecommendButtonModel.m; sourceTree = "<group>"; };
		095825D11EA9CA2C0072394A /* ZCRecommendCanScrollModel.h */ = {isa = PBXFileReference; fileEncoding = 4; lastKnownFileType = sourcecode.c.h; path = ZCRecommendCanScrollModel.h; sourceTree = "<group>"; };
		095825D21EA9CA2C0072394A /* ZCRecommendCanScrollModel.m */ = {isa = PBXFileReference; fileEncoding = 4; lastKnownFileType = sourcecode.c.objc; path = ZCRecommendCanScrollModel.m; sourceTree = "<group>"; };
		095825D41EA9CA520072394A /* ZCRecommendCanScrollCell.h */ = {isa = PBXFileReference; fileEncoding = 4; lastKnownFileType = sourcecode.c.h; path = ZCRecommendCanScrollCell.h; sourceTree = "<group>"; };
		095825D51EA9CA520072394A /* ZCRecommendCanScrollCell.m */ = {isa = PBXFileReference; fileEncoding = 4; lastKnownFileType = sourcecode.c.objc; path = ZCRecommendCanScrollCell.m; sourceTree = "<group>"; };
		095825D71EA9CAD60072394A /* ZCRecommendVideoModel.h */ = {isa = PBXFileReference; fileEncoding = 4; lastKnownFileType = sourcecode.c.h; path = ZCRecommendVideoModel.h; sourceTree = "<group>"; };
		095825D81EA9CAD60072394A /* ZCRecommendVideoModel.m */ = {isa = PBXFileReference; fileEncoding = 4; lastKnownFileType = sourcecode.c.objc; path = ZCRecommendVideoModel.m; sourceTree = "<group>"; };
		095825DA1EA9CB890072394A /* ZCRecommendVideoCell.h */ = {isa = PBXFileReference; fileEncoding = 4; lastKnownFileType = sourcecode.c.h; path = ZCRecommendVideoCell.h; sourceTree = "<group>"; };
		095825DB1EA9CB890072394A /* ZCRecommendVideoCell.m */ = {isa = PBXFileReference; fileEncoding = 4; lastKnownFileType = sourcecode.c.objc; path = ZCRecommendVideoCell.m; sourceTree = "<group>"; };
		095825DD1EA9CBAA0072394A /* ZCRecommendImageVideoCell.h */ = {isa = PBXFileReference; fileEncoding = 4; lastKnownFileType = sourcecode.c.h; path = ZCRecommendImageVideoCell.h; sourceTree = "<group>"; };
		095825DE1EA9CBAA0072394A /* ZCRecommendImageVideoCell.m */ = {isa = PBXFileReference; fileEncoding = 4; lastKnownFileType = sourcecode.c.objc; path = ZCRecommendImageVideoCell.m; sourceTree = "<group>"; };
		095825E01EA9CBBC0072394A /* ZCRecommendImageVideoModel.h */ = {isa = PBXFileReference; fileEncoding = 4; lastKnownFileType = sourcecode.c.h; path = ZCRecommendImageVideoModel.h; sourceTree = "<group>"; };
		095825E11EA9CBBC0072394A /* ZCRecommendImageVideoModel.m */ = {isa = PBXFileReference; fileEncoding = 4; lastKnownFileType = sourcecode.c.objc; path = ZCRecommendImageVideoModel.m; sourceTree = "<group>"; };
		095825EC1EAA13510072394A /* ZCRecommendWidgetItemImageView.h */ = {isa = PBXFileReference; fileEncoding = 4; lastKnownFileType = sourcecode.c.h; path = ZCRecommendWidgetItemImageView.h; sourceTree = "<group>"; };
		095825ED1EAA13510072394A /* ZCRecommendWidgetItemImageView.m */ = {isa = PBXFileReference; fileEncoding = 4; lastKnownFileType = sourcecode.c.objc; path = ZCRecommendWidgetItemImageView.m; sourceTree = "<group>"; };
		09F9A0321EB8605F00EDA9F9 /* ZCRecipesAutoSearchTopListCell.h */ = {isa = PBXFileReference; fileEncoding = 4; lastKnownFileType = sourcecode.c.h; path = ZCRecipesAutoSearchTopListCell.h; sourceTree = "<group>"; };
		09F9A0331EB8605F00EDA9F9 /* ZCRecipesAutoSearchTopListCell.m */ = {isa = PBXFileReference; fileEncoding = 4; lastKnownFileType = sourcecode.c.objc; path = ZCRecipesAutoSearchTopListCell.m; sourceTree = "<group>"; };
		09F9A0341EB8605F00EDA9F9 /* ZCRecipesAutoSearchTopListCell.xib */ = {isa = PBXFileReference; fileEncoding = 4; lastKnownFileType = file.xib; path = ZCRecipesAutoSearchTopListCell.xib; sourceTree = "<group>"; };
		09F9A0371EB8617300EDA9F9 /* ZCRecipesSearchResultBasicCell.h */ = {isa = PBXFileReference; fileEncoding = 4; lastKnownFileType = sourcecode.c.h; path = ZCRecipesSearchResultBasicCell.h; sourceTree = "<group>"; };
		09F9A0381EB8617300EDA9F9 /* ZCRecipesSearchResultBasicCell.m */ = {isa = PBXFileReference; fileEncoding = 4; lastKnownFileType = sourcecode.c.objc; path = ZCRecipesSearchResultBasicCell.m; sourceTree = "<group>"; };
		09FE4EEB1EB73A4900D34F36 /* ZCRecipesAutoSearchCell.h */ = {isa = PBXFileReference; fileEncoding = 4; lastKnownFileType = sourcecode.c.h; path = ZCRecipesAutoSearchCell.h; sourceTree = "<group>"; };
		09FE4EEC1EB73A4900D34F36 /* ZCRecipesAutoSearchCell.m */ = {isa = PBXFileReference; fileEncoding = 4; lastKnownFileType = sourcecode.c.objc; path = ZCRecipesAutoSearchCell.m; sourceTree = "<group>"; };
		09FE4EEE1EB73AE900D34F36 /* ZCRecipesAutoSearchModel.h */ = {isa = PBXFileReference; fileEncoding = 4; lastKnownFileType = sourcecode.c.h; path = ZCRecipesAutoSearchModel.h; sourceTree = "<group>"; };
		09FE4EEF1EB73AE900D34F36 /* ZCRecipesAutoSearchModel.m */ = {isa = PBXFileReference; fileEncoding = 4; lastKnownFileType = sourcecode.c.objc; path = ZCRecipesAutoSearchModel.m; sourceTree = "<group>"; };
		09FE4EF11EB73D0500D34F36 /* ZCRecipesSearchBasicCell.h */ = {isa = PBXFileReference; fileEncoding = 4; lastKnownFileType = sourcecode.c.h; path = ZCRecipesSearchBasicCell.h; sourceTree = "<group>"; };
		09FE4EF21EB73D0500D34F36 /* ZCRecipesSearchBasicCell.m */ = {isa = PBXFileReference; fileEncoding = 4; lastKnownFileType = sourcecode.c.objc; path = ZCRecipesSearchBasicCell.m; sourceTree = "<group>"; };
		09FE4EF71EB73FFE00D34F36 /* SaveSearchTextTool.h */ = {isa = PBXFileReference; fileEncoding = 4; lastKnownFileType = sourcecode.c.h; path = SaveSearchTextTool.h; sourceTree = "<group>"; };
		09FE4EF81EB73FFE00D34F36 /* SaveSearchTextTool.m */ = {isa = PBXFileReference; fileEncoding = 4; lastKnownFileType = sourcecode.c.objc; path = SaveSearchTextTool.m; sourceTree = "<group>"; };
		13912BF85C230D428BDD7D11 /* Pods-iZhangChu.debug.xcconfig */ = {isa = PBXFileReference; includeInIndex = 1; lastKnownFileType = text.xcconfig; name = "Pods-iZhangChu.debug.xcconfig"; path = "Pods/Target Support Files/Pods-iZhangChu/Pods-iZhangChu.debug.xcconfig"; sourceTree = "<group>"; };
		1578D2F11D0D4E3759AD292C /* libPods-iZhangChu.a */ = {isa = PBXFileReference; explicitFileType = archive.ar; includeInIndex = 0; path = "libPods-iZhangChu.a"; sourceTree = BUILT_PRODUCTS_DIR; };
		FBD2129A70688F68B8DFE385 /* Pods-iZhangChu.release.xcconfig */ = {isa = PBXFileReference; includeInIndex = 1; lastKnownFileType = text.xcconfig; name = "Pods-iZhangChu.release.xcconfig"; path = "Pods/Target Support Files/Pods-iZhangChu/Pods-iZhangChu.release.xcconfig"; sourceTree = "<group>"; };
/* End PBXFileReference section */

/* Begin PBXFrameworksBuildPhase section */
		0952BFB31EA84DD3002DA69E /* Frameworks */ = {
			isa = PBXFrameworksBuildPhase;
			buildActionMask = 2147483647;
			files = (
				F2F4CD81E2787577D4A4EF9C /* libPods-iZhangChu.a in Frameworks */,
			);
			runOnlyForDeploymentPostprocessing = 0;
		};
		0952BFCC1EA84DD3002DA69E /* Frameworks */ = {
			isa = PBXFrameworksBuildPhase;
			buildActionMask = 2147483647;
			files = (
			);
			runOnlyForDeploymentPostprocessing = 0;
		};
		0952BFD71EA84DD3002DA69E /* Frameworks */ = {
			isa = PBXFrameworksBuildPhase;
			buildActionMask = 2147483647;
			files = (
			);
			runOnlyForDeploymentPostprocessing = 0;
		};
/* End PBXFrameworksBuildPhase section */

/* Begin PBXGroup section */
		090058FA1EB4BDCE00973273 /* Tools */ = {
			isa = PBXGroup;
			children = (
				090058FB1EB4BDFC00973273 /* ZCRecomendCellDelegate.h */,
			);
			path = Tools;
			sourceTree = "<group>";
		};
		09511F7B1EAF0E31002ABD42 /* Common(共有) */ = {
			isa = PBXGroup;
			children = (
				09511F7C1EAF0E31002ABD42 /* Controllers */,
				09511F7D1EAF0E31002ABD42 /* Models */,
				09511F7E1EAF0E31002ABD42 /* Views */,
			);
			path = "Common(共有)";
			sourceTree = "<group>";
		};
		09511F7C1EAF0E31002ABD42 /* Controllers */ = {
			isa = PBXGroup;
			children = (
				09511F7F1EAF0EFC002ABD42 /* ZCCourseViewController.h */,
				09511F801EAF0EFC002ABD42 /* ZCCourseViewController.m */,
			);
			path = Controllers;
			sourceTree = "<group>";
		};
		09511F7D1EAF0E31002ABD42 /* Models */ = {
			isa = PBXGroup;
			children = (
				09511FD61EAF40DB002ABD42 /* ZCCourseHeaderModel.h */,
				09511FD71EAF40DB002ABD42 /* ZCCourseHeaderModel.m */,
				09511FD91EAF4104002ABD42 /* ZCCourseEpisodeModel.h */,
				09511FDA1EAF4104002ABD42 /* ZCCourseEpisodeModel.m */,
				0902570B1EB17FD000708FEC /* ZCCourseZanModel.h */,
				0902570C1EB17FD000708FEC /* ZCCourseZanModel.m */,
				09033DF21EB077DC0039FECA /* ZCCourseRelateModel.h */,
				09033DF31EB077DC0039FECA /* ZCCourseRelateModel.m */,
				0902570E1EB1BE5A00708FEC /* ZCCourseCommentModel.h */,
				0902570F1EB1BE5A00708FEC /* ZCCourseCommentModel.m */,
			);
			path = Models;
			sourceTree = "<group>";
		};
		09511F7E1EAF0E31002ABD42 /* Views */ = {
			isa = PBXGroup;
			children = (
				09511F8B1EAF17B1002ABD42 /* ZCPlayImageView.h */,
				09511F8C1EAF17B1002ABD42 /* ZCPlayImageView.m */,
				09511F821EAF1283002ABD42 /* ZCCourseHeaderView.h */,
				09511F831EAF1283002ABD42 /* ZCCourseHeaderView.m */,
				09511F8E1EAF18A3002ABD42 /* ZCCourseHeaderView.xib */,
				090257111EB1C1A400708FEC /* ZCCourseCommentCell.h */,
				090257121EB1C1A400708FEC /* ZCCourseCommentCell.m */,
				090257131EB1C1A400708FEC /* ZCCourseCommentCell.xib */,
				090058EA1EB43A7F00973273 /* ZCSearchView.h */,
				090058EB1EB43A7F00973273 /* ZCSearchView.m */,
				090058ED1EB43A8A00973273 /* ZCSearchView.xib */,
			);
			path = Views;
			sourceTree = "<group>";
		};
		0952BFAD1EA84DD3002DA69E = {
			isa = PBXGroup;
			children = (
				0952BFB81EA84DD3002DA69E /* iZhangChu */,
				0952BFD21EA84DD3002DA69E /* iZhangChuTests */,
				0952BFDD1EA84DD3002DA69E /* iZhangChuUITests */,
				0952BFB71EA84DD3002DA69E /* Products */,
				804C5F4703F55950D9FCE8B1 /* Pods */,
				3DDC8A0948BF91E6B8CCE968 /* Frameworks */,
			);
			sourceTree = "<group>";
		};
		0952BFB71EA84DD3002DA69E /* Products */ = {
			isa = PBXGroup;
			children = (
				0952BFB61EA84DD3002DA69E /* iZhangChu.app */,
				0952BFCF1EA84DD3002DA69E /* iZhangChuTests.xctest */,
				0952BFDA1EA84DD3002DA69E /* iZhangChuUITests.xctest */,
			);
			name = Products;
			sourceTree = "<group>";
		};
		0952BFB81EA84DD3002DA69E /* iZhangChu */ = {
			isa = PBXGroup;
			children = (
				0952BFEC1EA84E41002DA69E /* Classes */,
				0952C07C1EA86F02002DA69E /* Resources */,
				0952BFB91EA84DD3002DA69E /* Supporting Files */,
			);
			path = iZhangChu;
			sourceTree = "<group>";
		};
		0952BFB91EA84DD3002DA69E /* Supporting Files */ = {
			isa = PBXGroup;
			children = (
				0952BFC51EA84DD3002DA69E /* Assets.xcassets */,
				0952BFC71EA84DD3002DA69E /* LaunchScreen.storyboard */,
				0952BFCA1EA84DD3002DA69E /* Info.plist */,
				0952BFBA1EA84DD3002DA69E /* main.m */,
			);
			name = "Supporting Files";
			sourceTree = "<group>";
		};
		0952BFD21EA84DD3002DA69E /* iZhangChuTests */ = {
			isa = PBXGroup;
			children = (
				0952BFD31EA84DD3002DA69E /* iZhangChuTests.m */,
				0952BFD51EA84DD3002DA69E /* Info.plist */,
			);
			path = iZhangChuTests;
			sourceTree = "<group>";
		};
		0952BFDD1EA84DD3002DA69E /* iZhangChuUITests */ = {
			isa = PBXGroup;
			children = (
				0952BFDE1EA84DD3002DA69E /* iZhangChuUITests.m */,
				0952BFE01EA84DD3002DA69E /* Info.plist */,
			);
			path = iZhangChuUITests;
			sourceTree = "<group>";
		};
		0952BFEC1EA84E41002DA69E /* Classes */ = {
			isa = PBXGroup;
			children = (
				0952BFF21EA84E41002DA69E /* Enter(入口) */,
				0952BFED1EA84E41002DA69E /* Category(分类) */,
				0952C05B1EA86CDC002DA69E /* Libs(依赖库) */,
				0952BFF51EA84E41002DA69E /* Macro(宏) */,
				0952C02D1EA84E41002DA69E /* Tools(工具) */,
				0952C0071EA84E41002DA69E /* Modules(模块) */,
			);
			path = Classes;
			sourceTree = "<group>";
		};
		0952BFED1EA84E41002DA69E /* Category(分类) */ = {
			isa = PBXGroup;
			children = (
				0952BFEE1EA84E41002DA69E /* NSObject+Property.h */,
				0952BFEF1EA84E41002DA69E /* NSObject+Property.m */,
				0952BFF01EA84E41002DA69E /* UIView+Frame.h */,
				0952BFF11EA84E41002DA69E /* UIView+Frame.m */,
				090579271EADCD3E002F2083 /* UIImage+General.h */,
				090579281EADCD3E002F2083 /* UIImage+General.m */,
				09065F4E1EB0AC12005E1CB6 /* NSString+Extension.h */,
				09065F4F1EB0AC12005E1CB6 /* NSString+Extension.m */,
			);
			path = "Category(分类)";
			sourceTree = "<group>";
		};
		0952BFF21EA84E41002DA69E /* Enter(入口) */ = {
			isa = PBXGroup;
			children = (
				0952BFF31EA84E41002DA69E /* AppDelegate.h */,
				0952BFF41EA84E41002DA69E /* AppDelegate.m */,
			);
			path = "Enter(入口)";
			sourceTree = "<group>";
		};
		0952BFF51EA84E41002DA69E /* Macro(宏) */ = {
			isa = PBXGroup;
			children = (
				0952BFFA1EA84E41002DA69E /* ZCMacro.h */,
				0952BFF91EA84E41002DA69E /* ZCHeaderFile.h */,
				0952BFF71EA84E41002DA69E /* ZCConst.h */,
				0952BFF81EA84E41002DA69E /* ZCConst.m */,
				0952BFF61EA84E41002DA69E /* Singleton.h */,
			);
			path = "Macro(宏)";
			sourceTree = "<group>";
		};
		0952C0071EA84E41002DA69E /* Modules(模块) */ = {
			isa = PBXGroup;
			children = (
				0952C06C1EA86E5A002DA69E /* Main(主要) */,
				09511F7B1EAF0E31002ABD42 /* Common(共有) */,
				0952C01B1EA84E41002DA69E /* Recipes(食谱) */,
				0952C00F1EA84E41002DA69E /* Lohas(乐活) */,
				0952C0081EA84E41002DA69E /* Community(社区) */,
				0952C0151EA84E41002DA69E /* Mine(我的) */,
			);
			path = "Modules(模块)";
			sourceTree = "<group>";
		};
		0952C0081EA84E41002DA69E /* Community(社区) */ = {
			isa = PBXGroup;
			children = (
				0952C0091EA84E41002DA69E /* Controllers */,
				0952C00C1EA84E41002DA69E /* Models */,
				0952C00D1EA84E41002DA69E /* Tools */,
				0952C00E1EA84E41002DA69E /* Views */,
			);
			path = "Community(社区)";
			sourceTree = "<group>";
		};
		0952C0091EA84E41002DA69E /* Controllers */ = {
			isa = PBXGroup;
			children = (
				0952C00A1EA84E41002DA69E /* ZCCommunityHomeViewController.h */,
				0952C00B1EA84E41002DA69E /* ZCCommunityHomeViewController.m */,
			);
			path = Controllers;
			sourceTree = "<group>";
		};
		0952C00C1EA84E41002DA69E /* Models */ = {
			isa = PBXGroup;
			children = (
			);
			path = Models;
			sourceTree = "<group>";
		};
		0952C00D1EA84E41002DA69E /* Tools */ = {
			isa = PBXGroup;
			children = (
			);
			path = Tools;
			sourceTree = "<group>";
		};
		0952C00E1EA84E41002DA69E /* Views */ = {
			isa = PBXGroup;
			children = (
			);
			path = Views;
			sourceTree = "<group>";
		};
		0952C00F1EA84E41002DA69E /* Lohas(乐活) */ = {
			isa = PBXGroup;
			children = (
				0952C0101EA84E41002DA69E /* Controllers */,
				0952C0131EA84E41002DA69E /* Models */,
				0952C0141EA84E41002DA69E /* Views */,
			);
			path = "Lohas(乐活)";
			sourceTree = "<group>";
		};
		0952C0101EA84E41002DA69E /* Controllers */ = {
			isa = PBXGroup;
			children = (
				0952C0111EA84E41002DA69E /* ZCLohasHomeViewController.h */,
				0952C0121EA84E41002DA69E /* ZCLohasHomeViewController.m */,
			);
			path = Controllers;
			sourceTree = "<group>";
		};
		0952C0131EA84E41002DA69E /* Models */ = {
			isa = PBXGroup;
			children = (
			);
			path = Models;
			sourceTree = "<group>";
		};
		0952C0141EA84E41002DA69E /* Views */ = {
			isa = PBXGroup;
			children = (
			);
			path = Views;
			sourceTree = "<group>";
		};
		0952C0151EA84E41002DA69E /* Mine(我的) */ = {
			isa = PBXGroup;
			children = (
				0952C0161EA84E41002DA69E /* Controllers */,
				0952C0191EA84E41002DA69E /* Models */,
				0952C01A1EA84E41002DA69E /* Views */,
			);
			path = "Mine(我的)";
			sourceTree = "<group>";
		};
		0952C0161EA84E41002DA69E /* Controllers */ = {
			isa = PBXGroup;
			children = (
				0952C0171EA84E41002DA69E /* ZCMineHomeViewController.h */,
				0952C0181EA84E41002DA69E /* ZCMineHomeViewController.m */,
			);
			path = Controllers;
			sourceTree = "<group>";
		};
		0952C0191EA84E41002DA69E /* Models */ = {
			isa = PBXGroup;
			children = (
			);
			path = Models;
			sourceTree = "<group>";
		};
		0952C01A1EA84E41002DA69E /* Views */ = {
			isa = PBXGroup;
			children = (
			);
			path = Views;
			sourceTree = "<group>";
		};
		0952C01B1EA84E41002DA69E /* Recipes(食谱) */ = {
			isa = PBXGroup;
			children = (
				0952C01C1EA84E41002DA69E /* Controllers */,
				0952C0251EA84E41002DA69E /* Models */,
				0952C0281EA84E41002DA69E /* Views */,
				090058FA1EB4BDCE00973273 /* Tools */,
			);
			path = "Recipes(食谱)";
			sourceTree = "<group>";
		};
		0952C01C1EA84E41002DA69E /* Controllers */ = {
			isa = PBXGroup;
			children = (
				0952C0211EA84E41002DA69E /* ZCRecipesHomeViewController.h */,
				0952C0221EA84E41002DA69E /* ZCRecipesHomeViewController.m */,
				090058DD1EB3782900973273 /* ZCRecipesSearchViewController.h */,
				090058DE1EB3782900973273 /* ZCRecipesSearchViewController.m */,
				090058EF1EB47D2900973273 /* ZCRecipesSearchResultViewController.h */,
				090058F01EB47D2900973273 /* ZCRecipesSearchResultViewController.m */,
				0952C0231EA84E41002DA69E /* ZCRecommendViewController.h */,
				0952C0241EA84E41002DA69E /* ZCRecommendViewController.m */,
				0952C01F1EA84E41002DA69E /* ZCIngredientsViewController.h */,
				0952C0201EA84E41002DA69E /* ZCIngredientsViewController.m */,
				0952C01D1EA84E41002DA69E /* ZCCategoryViewController.h */,
				0952C01E1EA84E41002DA69E /* ZCCategoryViewController.m */,
				090058DA1EB3780500973273 /* ZCScanViewController.h */,
				090058DB1EB3780500973273 /* ZCScanViewController.m */,
				090058CE1EB374B500973273 /* ZCBasicIntroduceViewController.h */,
				090058CF1EB374B500973273 /* ZCBasicIntroduceViewController.m */,
				090058D11EB374F500973273 /* ZCIngredientsCollocationViewController.h */,
				090058D21EB374F500973273 /* ZCIngredientsCollocationViewController.m */,
				090058D41EB3759B00973273 /* ZCSceneRecipesViewController.h */,
				090058D51EB3759B00973273 /* ZCSceneRecipesViewController.m */,
				090058D71EB375D800973273 /* ZCFoodLiveViewController.h */,
				090058D81EB375D800973273 /* ZCFoodLiveViewController.m */,
			);
			path = Controllers;
			sourceTree = "<group>";
		};
		0952C0251EA84E41002DA69E /* Models */ = {
			isa = PBXGroup;
			children = (
				0952C0261EA84E41002DA69E /* ZCRecommendBannerModel.h */,
				0952C0271EA84E41002DA69E /* ZCRecommendBannerModel.m */,
				090058E71EB3939900973273 /* ZCRecipesSearchGroup.h */,
				090058E81EB3939900973273 /* ZCRecipesSearchGroup.m */,
				09FE4EEE1EB73AE900D34F36 /* ZCRecipesAutoSearchModel.h */,
				09FE4EEF1EB73AE900D34F36 /* ZCRecipesAutoSearchModel.m */,
				090058F71EB4875100973273 /* ZCRecipesSearchResultModel.h */,
				090058F81EB4875100973273 /* ZCRecipesSearchResultModel.m */,
				0952C08C1EA8794F002DA69E /* ZCRecommendBasicModel.h */,
				0952C08D1EA8794F002DA69E /* ZCRecommendBasicModel.m */,
				095825C21EA9A9660072394A /* ZCRecommendWidgetItem.h */,
				095825C31EA9A9660072394A /* ZCRecommendWidgetItem.m */,
				095825CB1EA9C9C40072394A /* ZCRecommendButtonModel.h */,
				095825CC1EA9C9C40072394A /* ZCRecommendButtonModel.m */,
				095825D11EA9CA2C0072394A /* ZCRecommendCanScrollModel.h */,
				095825D21EA9CA2C0072394A /* ZCRecommendCanScrollModel.m */,
				095825D71EA9CAD60072394A /* ZCRecommendVideoModel.h */,
				095825D81EA9CAD60072394A /* ZCRecommendVideoModel.m */,
				095825E01EA9CBBC0072394A /* ZCRecommendImageVideoModel.h */,
				095825E11EA9CBBC0072394A /* ZCRecommendImageVideoModel.m */,
				090579191EADB7E9002F2083 /* ZCRecommendEmptyModel.h */,
				0905791A1EADB7E9002F2083 /* ZCRecommendEmptyModel.m */,
				0905791F1EADBA7D002F2083 /* ZCRecommendMasterListModel.h */,
				090579201EADBA7D002F2083 /* ZCRecommendMasterListModel.m */,
				090579321EADD7FB002F2083 /* ZCRecommendHaveHeaderIconImageModel.h */,
				090579331EADD7FB002F2083 /* ZCRecommendHaveHeaderIconImageModel.m */,
				0905793B1EADE07D002F2083 /* ZCRecommendImageViewTitleModel.h */,
				0905793C1EADE07D002F2083 /* ZCRecommendImageViewTitleModel.m */,
				0905793E1EADF22C002F2083 /* ZCIngredientsDataModel.h */,
				0905793F1EADF22C002F2083 /* ZCIngredientsDataModel.m */,
				090579441EADF88F002F2083 /* ZCIngredientsButtonModel.h */,
				090579451EADF88F002F2083 /* ZCIngredientsButtonModel.m */,
			);
			path = Models;
			sourceTree = "<group>";
		};
		0952C0281EA84E41002DA69E /* Views */ = {
			isa = PBXGroup;
			children = (
				0952C0291EA84E41002DA69E /* ZCRecipesNavigationView.h */,
				0952C02A1EA84E41002DA69E /* ZCRecipesNavigationView.m */,
				0952C02B1EA84E41002DA69E /* ZCRecommendHeaderView.h */,
				0952C02C1EA84E41002DA69E /* ZCRecommendHeaderView.m */,
				09FE4EF11EB73D0500D34F36 /* ZCRecipesSearchBasicCell.h */,
				09FE4EF21EB73D0500D34F36 /* ZCRecipesSearchBasicCell.m */,
				090058E01EB37A5D00973273 /* ZCRecipesSearchCell.h */,
				090058E11EB37A5D00973273 /* ZCRecipesSearchCell.m */,
				09FE4EEB1EB73A4900D34F36 /* ZCRecipesAutoSearchCell.h */,
				09FE4EEC1EB73A4900D34F36 /* ZCRecipesAutoSearchCell.m */,
				09F9A0371EB8617300EDA9F9 /* ZCRecipesSearchResultBasicCell.h */,
				09F9A0381EB8617300EDA9F9 /* ZCRecipesSearchResultBasicCell.m */,
				090058F21EB47D8000973273 /* ZCRecipesSearchResultCell.h */,
				090058F31EB47D8000973273 /* ZCRecipesSearchResultCell.m */,
				090058F51EB47D8B00973273 /* ZCRecipesSearchResultCell.xib */,
				09F9A0321EB8605F00EDA9F9 /* ZCRecipesAutoSearchTopListCell.h */,
				09F9A0331EB8605F00EDA9F9 /* ZCRecipesAutoSearchTopListCell.m */,
				09F9A0341EB8605F00EDA9F9 /* ZCRecipesAutoSearchTopListCell.xib */,
				0952C0801EA872AC002DA69E /* ZCRecommendBasicCell.h */,
				0952C0811EA872AC002DA69E /* ZCRecommendBasicCell.m */,
				095825C81EA9C94D0072394A /* ZCRecommendButtonCell.h */,
				095825C91EA9C94D0072394A /* ZCRecommendButtonCell.m */,
				095825D41EA9CA520072394A /* ZCRecommendCanScrollCell.h */,
				095825D51EA9CA520072394A /* ZCRecommendCanScrollCell.m */,
				095825DA1EA9CB890072394A /* ZCRecommendVideoCell.h */,
				095825DB1EA9CB890072394A /* ZCRecommendVideoCell.m */,
				095825DD1EA9CBAA0072394A /* ZCRecommendImageVideoCell.h */,
				095825DE1EA9CBAA0072394A /* ZCRecommendImageVideoCell.m */,
				090579161EADB786002F2083 /* ZCRecommendEmptyCell.h */,
				090579171EADB786002F2083 /* ZCRecommendEmptyCell.m */,
				0905791C1EADBA61002F2083 /* ZCRecommendMasterListCell.h */,
				0905791D1EADBA61002F2083 /* ZCRecommendMasterListCell.m */,
				090579221EADBC4C002F2083 /* ZCRecommendMasterListView.h */,
				090579231EADBC4C002F2083 /* ZCRecommendMasterListView.m */,
				090579251EADBC59002F2083 /* ZCRecommendMasterListView.xib */,
				0905792A1EADD452002F2083 /* ZCRecommendHaveHeaderIconImageCell.h */,
				0905792B1EADD452002F2083 /* ZCRecommendHaveHeaderIconImageCell.m */,
				0905792D1EADD503002F2083 /* ZCRecommendHaveHeaderIconImageView.h */,
				0905792E1EADD503002F2083 /* ZCRecommendHaveHeaderIconImageView.m */,
				090579301EADD50E002F2083 /* ZCRecommendHaveHeaderIconImageView.xib */,
				090579381EADE06C002F2083 /* ZCRecommendImageViewTitleCell.h */,
				090579391EADE06C002F2083 /* ZCRecommendImageViewTitleCell.m */,
				095825EC1EAA13510072394A /* ZCRecommendWidgetItemImageView.h */,
				095825ED1EAA13510072394A /* ZCRecommendWidgetItemImageView.m */,
				090579411EADF260002F2083 /* ZCIngredientsCell.h */,
				090579421EADF260002F2083 /* ZCIngredientsCell.m */,
			);
			path = Views;
			sourceTree = "<group>";
		};
		0952C02D1EA84E41002DA69E /* Tools(工具) */ = {
			isa = PBXGroup;
			children = (
				09FE4EF71EB73FFE00D34F36 /* SaveSearchTextTool.h */,
				09FE4EF81EB73FFE00D34F36 /* SaveSearchTextTool.m */,
			);
			path = "Tools(工具)";
			sourceTree = "<group>";
		};
		0952C05B1EA86CDC002DA69E /* Libs(依赖库) */ = {
			isa = PBXGroup;
			children = (
				0952C05C1EA86CDC002DA69E /* SPButton */,
				0952C05F1EA86CDC002DA69E /* SPCarouselScrollView */,
				0952C0621EA86CDC002DA69E /* SPHTTPSessionManager */,
				0952C0651EA86CDC002DA69E /* SPPageMenu */,
			);
			path = "Libs(依赖库)";
			sourceTree = "<group>";
		};
		0952C05C1EA86CDC002DA69E /* SPButton */ = {
			isa = PBXGroup;
			children = (
				0952C05D1EA86CDC002DA69E /* SPButton.h */,
				0952C05E1EA86CDC002DA69E /* SPButton.m */,
			);
			path = SPButton;
			sourceTree = "<group>";
		};
		0952C05F1EA86CDC002DA69E /* SPCarouselScrollView */ = {
			isa = PBXGroup;
			children = (
				0952C0601EA86CDC002DA69E /* SPCarouselScrollView.h */,
				0952C0611EA86CDC002DA69E /* SPCarouselScrollView.m */,
			);
			path = SPCarouselScrollView;
			sourceTree = "<group>";
		};
		0952C0621EA86CDC002DA69E /* SPHTTPSessionManager */ = {
			isa = PBXGroup;
			children = (
				0952C0631EA86CDC002DA69E /* SPHTTPSessionManager.h */,
				0952C0641EA86CDC002DA69E /* SPHTTPSessionManager.m */,
			);
			path = SPHTTPSessionManager;
			sourceTree = "<group>";
		};
		0952C0651EA86CDC002DA69E /* SPPageMenu */ = {
			isa = PBXGroup;
			children = (
				0952C0661EA86CDC002DA69E /* SPPageMenu.h */,
				0952C0671EA86CDC002DA69E /* SPPageMenu.m */,
			);
			path = SPPageMenu;
			sourceTree = "<group>";
		};
		0952C06C1EA86E5A002DA69E /* Main(主要) */ = {
			isa = PBXGroup;
			children = (
				0952C06D1EA86E5A002DA69E /* Controllers */,
				0952C0741EA86E5A002DA69E /* Models */,
				0952C0771EA86E5A002DA69E /* Views */,
			);
			path = "Main(主要)";
			sourceTree = "<group>";
		};
		0952C06D1EA86E5A002DA69E /* Controllers */ = {
			isa = PBXGroup;
			children = (
				0952C0721EA86E5A002DA69E /* ZCTabBarController.h */,
				0952C0731EA86E5A002DA69E /* ZCTabBarController.m */,
				0952C0701EA86E5A002DA69E /* ZCNavigationController.h */,
				0952C0711EA86E5A002DA69E /* ZCNavigationController.m */,
				0952C06E1EA86E5A002DA69E /* ZCBasicViewController.h */,
				0952C06F1EA86E5A002DA69E /* ZCBasicViewController.m */,
			);
			path = Controllers;
			sourceTree = "<group>";
		};
		0952C0741EA86E5A002DA69E /* Models */ = {
			isa = PBXGroup;
			children = (
				0952C0751EA86E5A002DA69E /* ZCBasicModel.h */,
				0952C0761EA86E5A002DA69E /* ZCBasicModel.m */,
			);
			path = Models;
			sourceTree = "<group>";
		};
		0952C0771EA86E5A002DA69E /* Views */ = {
			isa = PBXGroup;
			children = (
				09511F851EAF14FE002ABD42 /* ZCNavigationView.h */,
				09511F861EAF14FE002ABD42 /* ZCNavigationView.m */,
			);
			path = Views;
			sourceTree = "<group>";
		};
		0952C07C1EA86F02002DA69E /* Resources */ = {
			isa = PBXGroup;
			children = (
			);
			path = Resources;
			sourceTree = "<group>";
		};
		3DDC8A0948BF91E6B8CCE968 /* Frameworks */ = {
			isa = PBXGroup;
			children = (
				1578D2F11D0D4E3759AD292C /* libPods-iZhangChu.a */,
			);
			name = Frameworks;
			sourceTree = "<group>";
		};
		804C5F4703F55950D9FCE8B1 /* Pods */ = {
			isa = PBXGroup;
			children = (
				13912BF85C230D428BDD7D11 /* Pods-iZhangChu.debug.xcconfig */,
				FBD2129A70688F68B8DFE385 /* Pods-iZhangChu.release.xcconfig */,
			);
			name = Pods;
			sourceTree = "<group>";
		};
/* End PBXGroup section */

/* Begin PBXNativeTarget section */
		0952BFB51EA84DD3002DA69E /* iZhangChu */ = {
			isa = PBXNativeTarget;
			buildConfigurationList = 0952BFE31EA84DD3002DA69E /* Build configuration list for PBXNativeTarget "iZhangChu" */;
			buildPhases = (
				374D2B813713328E5C7EA2BE /* [CP] Check Pods Manifest.lock */,
				0952BFB21EA84DD3002DA69E /* Sources */,
				0952BFB31EA84DD3002DA69E /* Frameworks */,
				0952BFB41EA84DD3002DA69E /* Resources */,
				BF0A39FC5269645B4933E266 /* [CP] Embed Pods Frameworks */,
				6537A22769ED4321B4AF97BA /* [CP] Copy Pods Resources */,
			);
			buildRules = (
			);
			dependencies = (
			);
			name = iZhangChu;
			productName = iZhangChu;
			productReference = 0952BFB61EA84DD3002DA69E /* iZhangChu.app */;
			productType = "com.apple.product-type.application";
		};
		0952BFCE1EA84DD3002DA69E /* iZhangChuTests */ = {
			isa = PBXNativeTarget;
			buildConfigurationList = 0952BFE61EA84DD3002DA69E /* Build configuration list for PBXNativeTarget "iZhangChuTests" */;
			buildPhases = (
				0952BFCB1EA84DD3002DA69E /* Sources */,
				0952BFCC1EA84DD3002DA69E /* Frameworks */,
				0952BFCD1EA84DD3002DA69E /* Resources */,
			);
			buildRules = (
			);
			dependencies = (
				0952BFD11EA84DD3002DA69E /* PBXTargetDependency */,
			);
			name = iZhangChuTests;
			productName = iZhangChuTests;
			productReference = 0952BFCF1EA84DD3002DA69E /* iZhangChuTests.xctest */;
			productType = "com.apple.product-type.bundle.unit-test";
		};
		0952BFD91EA84DD3002DA69E /* iZhangChuUITests */ = {
			isa = PBXNativeTarget;
			buildConfigurationList = 0952BFE91EA84DD3002DA69E /* Build configuration list for PBXNativeTarget "iZhangChuUITests" */;
			buildPhases = (
				0952BFD61EA84DD3002DA69E /* Sources */,
				0952BFD71EA84DD3002DA69E /* Frameworks */,
				0952BFD81EA84DD3002DA69E /* Resources */,
			);
			buildRules = (
			);
			dependencies = (
				0952BFDC1EA84DD3002DA69E /* PBXTargetDependency */,
			);
			name = iZhangChuUITests;
			productName = iZhangChuUITests;
			productReference = 0952BFDA1EA84DD3002DA69E /* iZhangChuUITests.xctest */;
			productType = "com.apple.product-type.bundle.ui-testing";
		};
/* End PBXNativeTarget section */

/* Begin PBXProject section */
		0952BFAE1EA84DD3002DA69E /* Project object */ = {
			isa = PBXProject;
			attributes = {
				LastUpgradeCheck = 0820;
				ORGANIZATIONNAME = iDress;
				TargetAttributes = {
					0952BFB51EA84DD3002DA69E = {
						CreatedOnToolsVersion = 8.2.1;
						DevelopmentTeam = SXULSRC6Y5;
						ProvisioningStyle = Automatic;
					};
					0952BFCE1EA84DD3002DA69E = {
						CreatedOnToolsVersion = 8.2.1;
						DevelopmentTeam = SXULSRC6Y5;
						ProvisioningStyle = Automatic;
						TestTargetID = 0952BFB51EA84DD3002DA69E;
					};
					0952BFD91EA84DD3002DA69E = {
						CreatedOnToolsVersion = 8.2.1;
						DevelopmentTeam = SXULSRC6Y5;
						ProvisioningStyle = Automatic;
						TestTargetID = 0952BFB51EA84DD3002DA69E;
					};
				};
			};
			buildConfigurationList = 0952BFB11EA84DD3002DA69E /* Build configuration list for PBXProject "iZhangChu" */;
			compatibilityVersion = "Xcode 3.2";
			developmentRegion = English;
			hasScannedForEncodings = 0;
			knownRegions = (
				en,
				Base,
			);
			mainGroup = 0952BFAD1EA84DD3002DA69E;
			productRefGroup = 0952BFB71EA84DD3002DA69E /* Products */;
			projectDirPath = "";
			projectRoot = "";
			targets = (
				0952BFB51EA84DD3002DA69E /* iZhangChu */,
				0952BFCE1EA84DD3002DA69E /* iZhangChuTests */,
				0952BFD91EA84DD3002DA69E /* iZhangChuUITests */,
			);
		};
/* End PBXProject section */

/* Begin PBXResourcesBuildPhase section */
		0952BFB41EA84DD3002DA69E /* Resources */ = {
			isa = PBXResourcesBuildPhase;
			buildActionMask = 2147483647;
			files = (
				090579261EADBC59002F2083 /* ZCRecommendMasterListView.xib in Resources */,
				0952BFC91EA84DD3002DA69E /* LaunchScreen.storyboard in Resources */,
				090058EE1EB43A8A00973273 /* ZCSearchView.xib in Resources */,
				090058F61EB47D8B00973273 /* ZCRecipesSearchResultCell.xib in Resources */,
				09511F8F1EAF18A3002ABD42 /* ZCCourseHeaderView.xib in Resources */,
				090257151EB1C1A400708FEC /* ZCCourseCommentCell.xib in Resources */,
				0952BFC61EA84DD3002DA69E /* Assets.xcassets in Resources */,
				090579311EADD50E002F2083 /* ZCRecommendHaveHeaderIconImageView.xib in Resources */,
				09F9A0361EB8605F00EDA9F9 /* ZCRecipesAutoSearchTopListCell.xib in Resources */,
			);
			runOnlyForDeploymentPostprocessing = 0;
		};
		0952BFCD1EA84DD3002DA69E /* Resources */ = {
			isa = PBXResourcesBuildPhase;
			buildActionMask = 2147483647;
			files = (
			);
			runOnlyForDeploymentPostprocessing = 0;
		};
		0952BFD81EA84DD3002DA69E /* Resources */ = {
			isa = PBXResourcesBuildPhase;
			buildActionMask = 2147483647;
			files = (
			);
			runOnlyForDeploymentPostprocessing = 0;
		};
/* End PBXResourcesBuildPhase section */

/* Begin PBXShellScriptBuildPhase section */
		374D2B813713328E5C7EA2BE /* [CP] Check Pods Manifest.lock */ = {
			isa = PBXShellScriptBuildPhase;
			buildActionMask = 2147483647;
			files = (
			);
			inputPaths = (
			);
			name = "[CP] Check Pods Manifest.lock";
			outputPaths = (
			);
			runOnlyForDeploymentPostprocessing = 0;
			shellPath = /bin/sh;
			shellScript = "diff \"${PODS_ROOT}/../Podfile.lock\" \"${PODS_ROOT}/Manifest.lock\" > /dev/null\nif [ $? != 0 ] ; then\n    # print error to STDERR\n    echo \"error: The sandbox is not in sync with the Podfile.lock. Run 'pod install' or update your CocoaPods installation.\" >&2\n    exit 1\nfi\n";
			showEnvVarsInLog = 0;
		};
		6537A22769ED4321B4AF97BA /* [CP] Copy Pods Resources */ = {
			isa = PBXShellScriptBuildPhase;
			buildActionMask = 2147483647;
			files = (
			);
			inputPaths = (
			);
			name = "[CP] Copy Pods Resources";
			outputPaths = (
			);
			runOnlyForDeploymentPostprocessing = 0;
			shellPath = /bin/sh;
			shellScript = "\"${SRCROOT}/Pods/Target Support Files/Pods-iZhangChu/Pods-iZhangChu-resources.sh\"\n";
			showEnvVarsInLog = 0;
		};
		BF0A39FC5269645B4933E266 /* [CP] Embed Pods Frameworks */ = {
			isa = PBXShellScriptBuildPhase;
			buildActionMask = 2147483647;
			files = (
			);
			inputPaths = (
			);
			name = "[CP] Embed Pods Frameworks";
			outputPaths = (
			);
			runOnlyForDeploymentPostprocessing = 0;
			shellPath = /bin/sh;
			shellScript = "\"${SRCROOT}/Pods/Target Support Files/Pods-iZhangChu/Pods-iZhangChu-frameworks.sh\"\n";
			showEnvVarsInLog = 0;
		};
/* End PBXShellScriptBuildPhase section */

/* Begin PBXSourcesBuildPhase section */
		0952BFB21EA84DD3002DA69E /* Sources */ = {
			isa = PBXSourcesBuildPhase;
			buildActionMask = 2147483647;
			files = (
				0952C0401EA84E41002DA69E /* ZCCommunityHomeViewController.m in Sources */,
				090257141EB1C1A400708FEC /* ZCCourseCommentCell.m in Sources */,
				0952C0481EA84E41002DA69E /* ZCRecipesNavigationView.m in Sources */,
				0905792C1EADD452002F2083 /* ZCRecommendHaveHeaderIconImageCell.m in Sources */,
				0952C03A1EA84E41002DA69E /* AppDelegate.m in Sources */,
				0952C0391EA84E41002DA69E /* UIView+Frame.m in Sources */,
				090579241EADBC4C002F2083 /* ZCRecommendMasterListView.m in Sources */,
				0952C0681EA86CDC002DA69E /* SPButton.m in Sources */,
				0952C0821EA872AC002DA69E /* ZCRecommendBasicCell.m in Sources */,
				0952C0381EA84E41002DA69E /* NSObject+Property.m in Sources */,
				0952C0781EA86E5A002DA69E /* ZCBasicViewController.m in Sources */,
				09FE4EF91EB73FFE00D34F36 /* SaveSearchTextTool.m in Sources */,
				0952C0471EA84E41002DA69E /* ZCRecommendBannerModel.m in Sources */,
				090579461EADF88F002F2083 /* ZCIngredientsButtonModel.m in Sources */,
				090058EC1EB43A7F00973273 /* ZCSearchView.m in Sources */,
				090058E91EB3939900973273 /* ZCRecipesSearchGroup.m in Sources */,
				09F9A0391EB8617300EDA9F9 /* ZCRecipesSearchResultBasicCell.m in Sources */,
				0952C0411EA84E41002DA69E /* ZCLohasHomeViewController.m in Sources */,
				0952C03B1EA84E41002DA69E /* ZCConst.m in Sources */,
				090058DF1EB3782900973273 /* ZCRecipesSearchViewController.m in Sources */,
				0952C0491EA84E41002DA69E /* ZCRecommendHeaderView.m in Sources */,
				090579181EADB786002F2083 /* ZCRecommendEmptyCell.m in Sources */,
				090058F11EB47D2900973273 /* ZCRecipesSearchResultViewController.m in Sources */,
				09511FD81EAF40DB002ABD42 /* ZCCourseHeaderModel.m in Sources */,
				090579291EADCD3E002F2083 /* UIImage+General.m in Sources */,
				0952C0791EA86E5A002DA69E /* ZCNavigationController.m in Sources */,
				09511F811EAF0EFC002ABD42 /* ZCCourseViewController.m in Sources */,
				09511FDB1EAF4104002ABD42 /* ZCCourseEpisodeModel.m in Sources */,
				0905793D1EADE07D002F2083 /* ZCRecommendImageViewTitleModel.m in Sources */,
				090058DC1EB3780500973273 /* ZCScanViewController.m in Sources */,
				0952C06A1EA86CDC002DA69E /* SPHTTPSessionManager.m in Sources */,
				090058F41EB47D8000973273 /* ZCRecipesSearchResultCell.m in Sources */,
				095825EE1EAA13510072394A /* ZCRecommendWidgetItemImageView.m in Sources */,
				090058D61EB3759B00973273 /* ZCSceneRecipesViewController.m in Sources */,
				095825D61EA9CA520072394A /* ZCRecommendCanScrollCell.m in Sources */,
				09065F501EB0AC12005E1CB6 /* NSString+Extension.m in Sources */,
				090579341EADD7FB002F2083 /* ZCRecommendHaveHeaderIconImageModel.m in Sources */,
				0905793A1EADE06C002F2083 /* ZCRecommendImageViewTitleCell.m in Sources */,
				090579401EADF22C002F2083 /* ZCIngredientsDataModel.m in Sources */,
				09FE4EF01EB73AE900D34F36 /* ZCRecipesAutoSearchModel.m in Sources */,
				090058F91EB4875100973273 /* ZCRecipesSearchResultModel.m in Sources */,
				09033DF41EB077DC0039FECA /* ZCCourseRelateModel.m in Sources */,
				0952C07A1EA86E5A002DA69E /* ZCTabBarController.m in Sources */,
				0905791E1EADBA61002F2083 /* ZCRecommendMasterListCell.m in Sources */,
				095825DC1EA9CB890072394A /* ZCRecommendVideoCell.m in Sources */,
				090579431EADF260002F2083 /* ZCIngredientsCell.m in Sources */,
				090058D01EB374B500973273 /* ZCBasicIntroduceViewController.m in Sources */,
				09F9A0351EB8605F00EDA9F9 /* ZCRecipesAutoSearchTopListCell.m in Sources */,
				0952C06B1EA86CDC002DA69E /* SPPageMenu.m in Sources */,
				095825CA1EA9C94D0072394A /* ZCRecommendButtonCell.m in Sources */,
				0952BFBB1EA84DD3002DA69E /* main.m in Sources */,
				095825D91EA9CAD60072394A /* ZCRecommendVideoModel.m in Sources */,
				090058D91EB375D800973273 /* ZCFoodLiveViewController.m in Sources */,
				0952C0421EA84E41002DA69E /* ZCMineHomeViewController.m in Sources */,
				090058E21EB37A5D00973273 /* ZCRecipesSearchCell.m in Sources */,
				0905791B1EADB7E9002F2083 /* ZCRecommendEmptyModel.m in Sources */,
				0952C0461EA84E41002DA69E /* ZCRecommendViewController.m in Sources */,
				095825D31EA9CA2C0072394A /* ZCRecommendCanScrollModel.m in Sources */,
				09511F8D1EAF17B1002ABD42 /* ZCPlayImageView.m in Sources */,
				095825E21EA9CBBC0072394A /* ZCRecommendImageVideoModel.m in Sources */,
				0952C0441EA84E41002DA69E /* ZCIngredientsViewController.m in Sources */,
				0952C0691EA86CDC002DA69E /* SPCarouselScrollView.m in Sources */,
				095825CD1EA9C9C40072394A /* ZCRecommendButtonModel.m in Sources */,
				0952C0431EA84E41002DA69E /* ZCCategoryViewController.m in Sources */,
				0952C08E1EA8794F002DA69E /* ZCRecommendBasicModel.m in Sources */,
				095825C41EA9A9660072394A /* ZCRecommendWidgetItem.m in Sources */,
				0952C07B1EA86E5A002DA69E /* ZCBasicModel.m in Sources */,
				0952C0451EA84E41002DA69E /* ZCRecipesHomeViewController.m in Sources */,
				095825DF1EA9CBAA0072394A /* ZCRecommendImageVideoCell.m in Sources */,
				09FE4EF31EB73D0500D34F36 /* ZCRecipesSearchBasicCell.m in Sources */,
				09511F871EAF14FE002ABD42 /* ZCNavigationView.m in Sources */,
				090058D31EB374F500973273 /* ZCIngredientsCollocationViewController.m in Sources */,
				09511F841EAF1283002ABD42 /* ZCCourseHeaderView.m in Sources */,
				0902570D1EB17FD000708FEC /* ZCCourseZanModel.m in Sources */,
				0905792F1EADD503002F2083 /* ZCRecommendHaveHeaderIconImageView.m in Sources */,
				09FE4EED1EB73A4900D34F36 /* ZCRecipesAutoSearchCell.m in Sources */,
				090579211EADBA7D002F2083 /* ZCRecommendMasterListModel.m in Sources */,
				090257101EB1BE5A00708FEC /* ZCCourseCommentModel.m in Sources */,
			);
			runOnlyForDeploymentPostprocessing = 0;
		};
		0952BFCB1EA84DD3002DA69E /* Sources */ = {
			isa = PBXSourcesBuildPhase;
			buildActionMask = 2147483647;
			files = (
				0952BFD41EA84DD3002DA69E /* iZhangChuTests.m in Sources */,
			);
			runOnlyForDeploymentPostprocessing = 0;
		};
		0952BFD61EA84DD3002DA69E /* Sources */ = {
			isa = PBXSourcesBuildPhase;
			buildActionMask = 2147483647;
			files = (
				0952BFDF1EA84DD3002DA69E /* iZhangChuUITests.m in Sources */,
			);
			runOnlyForDeploymentPostprocessing = 0;
		};
/* End PBXSourcesBuildPhase section */

/* Begin PBXTargetDependency section */
		0952BFD11EA84DD3002DA69E /* PBXTargetDependency */ = {
			isa = PBXTargetDependency;
			target = 0952BFB51EA84DD3002DA69E /* iZhangChu */;
			targetProxy = 0952BFD01EA84DD3002DA69E /* PBXContainerItemProxy */;
		};
		0952BFDC1EA84DD3002DA69E /* PBXTargetDependency */ = {
			isa = PBXTargetDependency;
			target = 0952BFB51EA84DD3002DA69E /* iZhangChu */;
			targetProxy = 0952BFDB1EA84DD3002DA69E /* PBXContainerItemProxy */;
		};
/* End PBXTargetDependency section */

/* Begin PBXVariantGroup section */
		0952BFC71EA84DD3002DA69E /* LaunchScreen.storyboard */ = {
			isa = PBXVariantGroup;
			children = (
				0952BFC81EA84DD3002DA69E /* Base */,
			);
			name = LaunchScreen.storyboard;
			sourceTree = "<group>";
		};
/* End PBXVariantGroup section */

/* Begin XCBuildConfiguration section */
		0952BFE11EA84DD3002DA69E /* Debug */ = {
			isa = XCBuildConfiguration;
			buildSettings = {
				ALWAYS_SEARCH_USER_PATHS = NO;
				CLANG_ANALYZER_NONNULL = YES;
				CLANG_CXX_LANGUAGE_STANDARD = "gnu++0x";
				CLANG_CXX_LIBRARY = "libc++";
				CLANG_ENABLE_MODULES = YES;
				CLANG_ENABLE_OBJC_ARC = YES;
				CLANG_WARN_BOOL_CONVERSION = YES;
				CLANG_WARN_CONSTANT_CONVERSION = YES;
				CLANG_WARN_DIRECT_OBJC_ISA_USAGE = YES_ERROR;
				CLANG_WARN_DOCUMENTATION_COMMENTS = YES;
				CLANG_WARN_EMPTY_BODY = YES;
				CLANG_WARN_ENUM_CONVERSION = YES;
				CLANG_WARN_INFINITE_RECURSION = YES;
				CLANG_WARN_INT_CONVERSION = YES;
				CLANG_WARN_OBJC_ROOT_CLASS = YES_ERROR;
				CLANG_WARN_SUSPICIOUS_MOVE = YES;
				CLANG_WARN_UNREACHABLE_CODE = YES;
				CLANG_WARN__DUPLICATE_METHOD_MATCH = YES;
				"CODE_SIGN_IDENTITY[sdk=iphoneos*]" = "iPhone Developer";
				COPY_PHASE_STRIP = NO;
				DEBUG_INFORMATION_FORMAT = dwarf;
				ENABLE_STRICT_OBJC_MSGSEND = YES;
				ENABLE_TESTABILITY = YES;
				GCC_C_LANGUAGE_STANDARD = gnu99;
				GCC_DYNAMIC_NO_PIC = NO;
				GCC_NO_COMMON_BLOCKS = YES;
				GCC_OPTIMIZATION_LEVEL = 0;
				GCC_PREPROCESSOR_DEFINITIONS = (
					"DEBUG=1",
					"$(inherited)",
				);
				GCC_WARN_64_TO_32_BIT_CONVERSION = YES;
				GCC_WARN_ABOUT_RETURN_TYPE = YES_ERROR;
				GCC_WARN_UNDECLARED_SELECTOR = YES;
				GCC_WARN_UNINITIALIZED_AUTOS = YES_AGGRESSIVE;
				GCC_WARN_UNUSED_FUNCTION = YES;
				GCC_WARN_UNUSED_VARIABLE = YES;
				IPHONEOS_DEPLOYMENT_TARGET = 8.0;
				MTL_ENABLE_DEBUG_INFO = YES;
				ONLY_ACTIVE_ARCH = YES;
				SDKROOT = iphoneos;
			};
			name = Debug;
		};
		0952BFE21EA84DD3002DA69E /* Release */ = {
			isa = XCBuildConfiguration;
			buildSettings = {
				ALWAYS_SEARCH_USER_PATHS = NO;
				CLANG_ANALYZER_NONNULL = YES;
				CLANG_CXX_LANGUAGE_STANDARD = "gnu++0x";
				CLANG_CXX_LIBRARY = "libc++";
				CLANG_ENABLE_MODULES = YES;
				CLANG_ENABLE_OBJC_ARC = YES;
				CLANG_WARN_BOOL_CONVERSION = YES;
				CLANG_WARN_CONSTANT_CONVERSION = YES;
				CLANG_WARN_DIRECT_OBJC_ISA_USAGE = YES_ERROR;
				CLANG_WARN_DOCUMENTATION_COMMENTS = YES;
				CLANG_WARN_EMPTY_BODY = YES;
				CLANG_WARN_ENUM_CONVERSION = YES;
				CLANG_WARN_INFINITE_RECURSION = YES;
				CLANG_WARN_INT_CONVERSION = YES;
				CLANG_WARN_OBJC_ROOT_CLASS = YES_ERROR;
				CLANG_WARN_SUSPICIOUS_MOVE = YES;
				CLANG_WARN_UNREACHABLE_CODE = YES;
				CLANG_WARN__DUPLICATE_METHOD_MATCH = YES;
				"CODE_SIGN_IDENTITY[sdk=iphoneos*]" = "iPhone Developer";
				COPY_PHASE_STRIP = NO;
				DEBUG_INFORMATION_FORMAT = "dwarf-with-dsym";
				ENABLE_NS_ASSERTIONS = NO;
				ENABLE_STRICT_OBJC_MSGSEND = YES;
				GCC_C_LANGUAGE_STANDARD = gnu99;
				GCC_NO_COMMON_BLOCKS = YES;
				GCC_WARN_64_TO_32_BIT_CONVERSION = YES;
				GCC_WARN_ABOUT_RETURN_TYPE = YES_ERROR;
				GCC_WARN_UNDECLARED_SELECTOR = YES;
				GCC_WARN_UNINITIALIZED_AUTOS = YES_AGGRESSIVE;
				GCC_WARN_UNUSED_FUNCTION = YES;
				GCC_WARN_UNUSED_VARIABLE = YES;
				IPHONEOS_DEPLOYMENT_TARGET = 8.0;
				MTL_ENABLE_DEBUG_INFO = NO;
				SDKROOT = iphoneos;
				VALIDATE_PRODUCT = YES;
			};
			name = Release;
		};
		0952BFE41EA84DD3002DA69E /* Debug */ = {
			isa = XCBuildConfiguration;
			baseConfigurationReference = 13912BF85C230D428BDD7D11 /* Pods-iZhangChu.debug.xcconfig */;
			buildSettings = {
				ASSETCATALOG_COMPILER_APPICON_NAME = AppIcon;
				DEVELOPMENT_TEAM = SXULSRC6Y5;
				INFOPLIST_FILE = iZhangChu/Info.plist;
				IPHONEOS_DEPLOYMENT_TARGET = 8.0;
				LD_RUNPATH_SEARCH_PATHS = "$(inherited) @executable_path/Frameworks";
				PRODUCT_BUNDLE_IDENTIFIER = com.idresschina.iZhangChu;
				PRODUCT_NAME = "$(TARGET_NAME)";
			};
			name = Debug;
		};
		0952BFE51EA84DD3002DA69E /* Release */ = {
			isa = XCBuildConfiguration;
			baseConfigurationReference = FBD2129A70688F68B8DFE385 /* Pods-iZhangChu.release.xcconfig */;
			buildSettings = {
				ASSETCATALOG_COMPILER_APPICON_NAME = AppIcon;
				DEVELOPMENT_TEAM = SXULSRC6Y5;
				INFOPLIST_FILE = iZhangChu/Info.plist;
				IPHONEOS_DEPLOYMENT_TARGET = 8.0;
				LD_RUNPATH_SEARCH_PATHS = "$(inherited) @executable_path/Frameworks";
				PRODUCT_BUNDLE_IDENTIFIER = com.idresschina.iZhangChu;
				PRODUCT_NAME = "$(TARGET_NAME)";
			};
			name = Release;
		};
		0952BFE71EA84DD3002DA69E /* Debug */ = {
			isa = XCBuildConfiguration;
			buildSettings = {
				BUNDLE_LOADER = "$(TEST_HOST)";
				DEVELOPMENT_TEAM = SXULSRC6Y5;
				INFOPLIST_FILE = iZhangChuTests/Info.plist;
				LD_RUNPATH_SEARCH_PATHS = "$(inherited) @executable_path/Frameworks @loader_path/Frameworks";
				PRODUCT_BUNDLE_IDENTIFIER = com.idresschina.iZhangChuTests;
				PRODUCT_NAME = "$(TARGET_NAME)";
				TEST_HOST = "$(BUILT_PRODUCTS_DIR)/iZhangChu.app/iZhangChu";
			};
			name = Debug;
		};
		0952BFE81EA84DD3002DA69E /* Release */ = {
			isa = XCBuildConfiguration;
			buildSettings = {
				BUNDLE_LOADER = "$(TEST_HOST)";
				DEVELOPMENT_TEAM = SXULSRC6Y5;
				INFOPLIST_FILE = iZhangChuTests/Info.plist;
				LD_RUNPATH_SEARCH_PATHS = "$(inherited) @executable_path/Frameworks @loader_path/Frameworks";
				PRODUCT_BUNDLE_IDENTIFIER = com.idresschina.iZhangChuTests;
				PRODUCT_NAME = "$(TARGET_NAME)";
				TEST_HOST = "$(BUILT_PRODUCTS_DIR)/iZhangChu.app/iZhangChu";
			};
			name = Release;
		};
		0952BFEA1EA84DD3002DA69E /* Debug */ = {
			isa = XCBuildConfiguration;
			buildSettings = {
				DEVELOPMENT_TEAM = SXULSRC6Y5;
				INFOPLIST_FILE = iZhangChuUITests/Info.plist;
				LD_RUNPATH_SEARCH_PATHS = "$(inherited) @executable_path/Frameworks @loader_path/Frameworks";
				PRODUCT_BUNDLE_IDENTIFIER = com.idresschina.iZhangChuUITests;
				PRODUCT_NAME = "$(TARGET_NAME)";
				TEST_TARGET_NAME = iZhangChu;
			};
			name = Debug;
		};
		0952BFEB1EA84DD3002DA69E /* Release */ = {
			isa = XCBuildConfiguration;
			buildSettings = {
				DEVELOPMENT_TEAM = SXULSRC6Y5;
				INFOPLIST_FILE = iZhangChuUITests/Info.plist;
				LD_RUNPATH_SEARCH_PATHS = "$(inherited) @executable_path/Frameworks @loader_path/Frameworks";
				PRODUCT_BUNDLE_IDENTIFIER = com.idresschina.iZhangChuUITests;
				PRODUCT_NAME = "$(TARGET_NAME)";
				TEST_TARGET_NAME = iZhangChu;
			};
			name = Release;
		};
/* End XCBuildConfiguration section */

/* Begin XCConfigurationList section */
		0952BFB11EA84DD3002DA69E /* Build configuration list for PBXProject "iZhangChu" */ = {
			isa = XCConfigurationList;
			buildConfigurations = (
				0952BFE11EA84DD3002DA69E /* Debug */,
				0952BFE21EA84DD3002DA69E /* Release */,
			);
			defaultConfigurationIsVisible = 0;
			defaultConfigurationName = Release;
		};
		0952BFE31EA84DD3002DA69E /* Build configuration list for PBXNativeTarget "iZhangChu" */ = {
			isa = XCConfigurationList;
			buildConfigurations = (
				0952BFE41EA84DD3002DA69E /* Debug */,
				0952BFE51EA84DD3002DA69E /* Release */,
			);
			defaultConfigurationIsVisible = 0;
			defaultConfigurationName = Release;
		};
		0952BFE61EA84DD3002DA69E /* Build configuration list for PBXNativeTarget "iZhangChuTests" */ = {
			isa = XCConfigurationList;
			buildConfigurations = (
				0952BFE71EA84DD3002DA69E /* Debug */,
				0952BFE81EA84DD3002DA69E /* Release */,
			);
			defaultConfigurationIsVisible = 0;
			defaultConfigurationName = Release;
		};
		0952BFE91EA84DD3002DA69E /* Build configuration list for PBXNativeTarget "iZhangChuUITests" */ = {
			isa = XCConfigurationList;
			buildConfigurations = (
				0952BFEA1EA84DD3002DA69E /* Debug */,
				0952BFEB1EA84DD3002DA69E /* Release */,
			);
			defaultConfigurationIsVisible = 0;
			defaultConfigurationName = Release;
		};
/* End XCConfigurationList section */
	};
	rootObject = 0952BFAE1EA84DD3002DA69E /* Project object */;
}
