PODS:
  - AFNetworking (3.1.0):
    - AFNetworking/NSURLSession (= 3.1.0)
    - AFNetworking/Reachability (= 3.1.0)
    - AFNetworking/Security (= 3.1.0)
    - AFNetworking/Serialization (= 3.1.0)
    - AFNetworking/UIKit (= 3.1.0)
  - AFNetworking/NSURLSession (3.1.0):
    - AFNetworking/Reachability
    - AFNetworking/Security
    - AFNetworking/Serialization
  - AFNetworking/Reachability (3.1.0)
  - AFNetworking/Security (3.1.0)
  - AFNetworking/Serialization (3.1.0)
  - AFNetworking/UIKit (3.1.0):
    - AFNetworking/NSURLSession
  - Masonry (1.0.2)
  - MBProgressHUD (1.0.0)
  - MJExtension (3.0.13)
  - MJRefresh (3.1.12)
  - SDWebImage (4.0.0):
    - SDWebImage/Core (= 4.0.0)
  - SDWebImage/Core (4.0.0)
  - SPButton (1.0.0)
  - SPCarouselView (1.0.1):
    - SDWebImage
  - SPPageMenu (2.5.3)

DEPENDENCIES:
  - AFNetworking
  - Masonry
  - MBProgressHUD
  - MJExtension
  - MJRefresh
  - SDWebImage
  - SPButton
  - SPCarouselView (~> 1.0.1)
  - SPPageMenu (~> 2.5.3)

SPEC CHECKSUMS:
  AFNetworking: 5e0e199f73d8626b11e79750991f5d173d1f8b67
  Masonry: 7c429b56da9d4ee0bbb3ed77a5ea710d6a5df39e
  MBProgressHUD: 4890f671c94e8a0f3cf959aa731e9de2f036d71a
  MJExtension: 5932755f451458eefa24239358817f8d291240c7
  MJRefresh: b96cdb21c4aa75a7b07654311ab2f315c497e806
  SDWebImage: 76a6348bdc74eb5a55dd08a091ef298e56b55e41
  SPButton: 4568312c1e75bee32898a5b15d9fa37b2a91774b
  SPCarouselView: 3c670adfa1b9d12f8b101d61db914437938f4949
  SPPageMenu: 72d6ce1e8a25b6b8fbbc50635a15e809dc43ad13

PODFILE CHECKSUM: 2e624c1cb04086762b84dbac866db63efc88a24f

COCOAPODS: 1.4.0.beta.2
